
Microsoft Visual Studio Solution File, Format Version 12.00
# Visual Studio 15
VisualStudioVersion = 15.0.28010.2046
MinimumVisualStudioVersion = 10.0.40219.1
Project("{FAE04EC0-301F-11D3-BF4B-00C04F79EFBC}") = "HelloWrld", "HelloWrld\HelloWrld.csproj", "{3F846C3A-F779-4698-BE8C-361E24DBCB17}"
EndProject
Project("{FAE04EC0-301F-11D3-BF4B-00C04F79EFBC}") = "ConsoleApp1", "ConsoleApp1\ConsoleApp1.csproj", "{E342001D-F74E-474B-8E4F-775F672E947D}"
EndProject
Project("{FAE04EC0-301F-11D3-BF4B-00C04F79EFBC}") = "ConsoleApp2", "ConsoleApp2\ConsoleApp2.csproj", "{3341551C-24CE-4DEC-A9ED-2ED8A1E61E15}"
EndProject
Project("{FAE04EC0-301F-11D3-BF4B-00C04F79EFBC}") = "ConsoleApp3", "ConsoleApp3\ConsoleApp3.csproj", "{062939A1-7D13-4A33-B772-2856D5928B92}"
EndProject
Project("{FAE04EC0-301F-11D3-BF4B-00C04F79EFBC}") = "ConsoleApp4", "ConsoleApp4\ConsoleApp4.csproj", "{255844DC-07FA-4EDF-8620-2EA785D4441E}"
EndProject
Project("{FAE04EC0-301F-11D3-BF4B-00C04F79EFBC}") = "ConsoleApp5", "ConsoleApp5\ConsoleApp5.csproj", "{1D0E027D-5546-4F5D-921E-8FE28FB2BD91}"
EndProject
Project("{FAE04EC0-301F-11D3-BF4B-00C04F79EFBC}") = "ConsoleApp6", "ConsoleApp6\ConsoleApp6.csproj", "{3955F27A-7448-447E-856E-37A6FA700307}"
EndProject
Project("{FAE04EC0-301F-11D3-BF4B-00C04F79EFBC}") = "ConsoleApp7", "ConsoleApp7\ConsoleApp7.csproj", "{7BAC46B9-9487-468E-84EC-6FE7F71C6C43}"
EndProject
Project("{FAE04EC0-301F-11D3-BF4B-00C04F79EFBC}") = "ConsoleApp8", "ConsoleApp8\ConsoleApp8.csproj", "{C68863DD-B454-4FE2-9EBA-A2253BC0020A}"
EndProject
Project("{FAE04EC0-301F-11D3-BF4B-00C04F79EFBC}") = "ConsoleApp9", "ConsoleApp9\ConsoleApp9.csproj", "{FEFF9999-5F4C-4316-96A2-6D026BD46CA5}"
EndProject
Project("{FAE04EC0-301F-11D3-BF4B-00C04F79EFBC}") = "ConsoleApp10", "ConsoleApp10\ConsoleApp10.csproj", "{0487B4BD-2392-4FAA-9566-DAD0675752C1}"
EndProject
Project("{FAE04EC0-301F-11D3-BF4B-00C04F79EFBC}") = "ConsoleApp11", "ConsoleApp11\ConsoleApp11.csproj", "{78FD704C-C1B4-4C9D-B5A1-B3A48B6EE24E}"
EndProject
Project("{FAE04EC0-301F-11D3-BF4B-00C04F79EFBC}") = "ConsoleApp12", "ConsoleApp12\ConsoleApp12.csproj", "{4A2A24F0-31F3-49B8-B2EF-F8D007418184}"
EndProject
Project("{FAE04EC0-301F-11D3-BF4B-00C04F79EFBC}") = "ex1", "ex1\ex1.csproj", "{02125ECC-A0B8-477C-AAD1-0E7BC0B5845A}"
EndProject
Project("{FAE04EC0-301F-11D3-BF4B-00C04F79EFBC}") = "ex2", "ex2\ex2.csproj", "{5D1A8222-B518-400E-9F77-DCD7BB8D1607}"
EndProject
Project("{FAE04EC0-301F-11D3-BF4B-00C04F79EFBC}") = "ConsoleApp13", "ConsoleApp13\ConsoleApp13.csproj", "{CF17CDCB-F69C-4280-B7A7-45ECB14BB6D7}"
EndProject
Project("{FAE04EC0-301F-11D3-BF4B-00C04F79EFBC}") = "ConsoleApp14", "ConsoleApp14\ConsoleApp14.csproj", "{F3A56C49-D74A-4223-A7A8-E5FE7227C00C}"
EndProject
Project("{FAE04EC0-301F-11D3-BF4B-00C04F79EFBC}") = "ConsoleApp15", "ConsoleApp15\ConsoleApp15.csproj", "{5BEED151-436F-464B-9C7E-5976ADAF6A08}"
EndProject
Project("{FAE04EC0-301F-11D3-BF4B-00C04F79EFBC}") = "ConsoleApp16", "ConsoleApp16\ConsoleApp16.csproj", "{B1C2102D-DD16-4F19-B251-7E9A089E4C21}"
EndProject
Project("{FAE04EC0-301F-11D3-BF4B-00C04F79EFBC}") = "ConsoleApp17", "ConsoleApp17\ConsoleApp17.csproj", "{A06A9AD5-BB51-4C89-A5F3-DE12945292DC}"
EndProject
Project("{FAE04EC0-301F-11D3-BF4B-00C04F79EFBC}") = "ConsoleApp18", "ConsoleApp18\ConsoleApp18.csproj", "{6771A447-189B-4E0F-93DA-1AE3A8815323}"
EndProject
Project("{FAE04EC0-301F-11D3-BF4B-00C04F79EFBC}") = "ConsoleApp19", "ConsoleApp19\ConsoleApp19.csproj", "{C43AD9D1-1BE3-4764-AD50-E06F841A34EF}"
EndProject
Project("{FAE04EC0-301F-11D3-BF4B-00C04F79EFBC}") = "ConsoleApp20", "ConsoleApp20\ConsoleApp20.csproj", "{E76F3115-C650-4697-98EB-C06CEA7C2CB4}"
EndProject
Project("{FAE04EC0-301F-11D3-BF4B-00C04F79EFBC}") = "ConsoleApp21", "ConsoleApp21\ConsoleApp21.csproj", "{70BFDF25-3FCA-4192-AE0C-7F3B7E6C4092}"
EndProject
Project("{FAE04EC0-301F-11D3-BF4B-00C04F79EFBC}") = "ConsoleApp22", "ConsoleApp22\ConsoleApp22.csproj", "{CED87E93-8CA4-4825-8374-C0BE89DF327B}"
EndProject
Project("{FAE04EC0-301F-11D3-BF4B-00C04F79EFBC}") = "ConsoleApp23", "ConsoleApp23\ConsoleApp23.csproj", "{52450A2A-E4DC-4461-8460-F5CF17642582}"
EndProject
Project("{FAE04EC0-301F-11D3-BF4B-00C04F79EFBC}") = "ConsoleApp24", "ConsoleApp24\ConsoleApp24.csproj", "{6D9B80DB-A236-4593-B862-39BCCED446B3}"
EndProject
Project("{FAE04EC0-301F-11D3-BF4B-00C04F79EFBC}") = "ConsoleApp25", "ConsoleApp25\ConsoleApp25.csproj", "{E3A99391-36FC-4D1F-8D42-E7BA0EB587DC}"
EndProject
Project("{FAE04EC0-301F-11D3-BF4B-00C04F79EFBC}") = "ConsoleApp26", "ConsoleApp26\ConsoleApp26.csproj", "{CA0EE610-3584-4E55-8EAF-2C6B915A3716}"
EndProject
Project("{FAE04EC0-301F-11D3-BF4B-00C04F79EFBC}") = "ConsoleApp27", "ConsoleApp27\ConsoleApp27.csproj", "{15D8679E-FC61-4C32-BF53-04F42EAB29D8}"
EndProject
Project("{FAE04EC0-301F-11D3-BF4B-00C04F79EFBC}") = "ConsoleApp28", "ConsoleApp28\ConsoleApp28.csproj", "{3D0E2743-0CDB-4DD5-AC64-8049949AFCAE}"
EndProject
Project("{FAE04EC0-301F-11D3-BF4B-00C04F79EFBC}") = "ConsoleApp29", "ConsoleApp29\ConsoleApp29.csproj", "{DA34A072-CD72-4F53-9BD2-79575974C8B2}"
EndProject
Project("{FAE04EC0-301F-11D3-BF4B-00C04F79EFBC}") = "ConsoleApp30", "ConsoleApp30\ConsoleApp30.csproj", "{D211E4F8-FC0E-41E4-8FED-00CD55C4262D}"
EndProject
Project("{FAE04EC0-301F-11D3-BF4B-00C04F79EFBC}") = "ConsoleApp31", "ConsoleApp31\ConsoleApp31.csproj", "{64789695-F0B0-4BE4-90B1-ECACE653D047}"
EndProject
Project("{FAE04EC0-301F-11D3-BF4B-00C04F79EFBC}") = "ConsoleApp32", "ConsoleApp32\ConsoleApp32.csproj", "{2E917612-1B84-46EA-8380-74CD48FA8861}"
EndProject
Project("{FAE04EC0-301F-11D3-BF4B-00C04F79EFBC}") = "ConsoleApp33", "ConsoleApp33\ConsoleApp33.csproj", "{EDC75128-E24C-4A0C-BD0B-BE518C52FF26}"
EndProject
Project("{FAE04EC0-301F-11D3-BF4B-00C04F79EFBC}") = "ConsoleApp34", "ConsoleApp34\ConsoleApp34.csproj", "{2A4BF2F8-13FC-4097-BC0C-8E1E07BCBC4A}"
EndProject
Project("{FAE04EC0-301F-11D3-BF4B-00C04F79EFBC}") = "ConsoleApp35", "ConsoleApp35\ConsoleApp35.csproj", "{A3D35601-299B-44F7-8114-449059D27EDE}"
EndProject
Project("{FAE04EC0-301F-11D3-BF4B-00C04F79EFBC}") = "ConsoleApp36", "ConsoleApp36\ConsoleApp36.csproj", "{98B158DA-CE3D-4040-B639-E9C404E23E0E}"
EndProject
Project("{FAE04EC0-301F-11D3-BF4B-00C04F79EFBC}") = "ConsoleApp37", "ConsoleApp37\ConsoleApp37.csproj", "{319C1554-1926-4443-802D-CF0B997F71B9}"
EndProject
Project("{FAE04EC0-301F-11D3-BF4B-00C04F79EFBC}") = "ConsoleApp38", "ConsoleApp38\ConsoleApp38.csproj", "{FED285A5-2F4F-4008-A1D9-AE2601D05D66}"
EndProject
Project("{FAE04EC0-301F-11D3-BF4B-00C04F79EFBC}") = "ConsoleApp39", "ConsoleApp39\ConsoleApp39.csproj", "{FF90A876-9A65-4E71-A1EF-2616BB537A26}"
EndProject
Project("{FAE04EC0-301F-11D3-BF4B-00C04F79EFBC}") = "ConsoleApp40", "ConsoleApp40\ConsoleApp40.csproj", "{89FDEADF-4766-4295-AF2E-C26713C67F83}"
EndProject
Project("{FAE04EC0-301F-11D3-BF4B-00C04F79EFBC}") = "ConsoleApp41", "ConsoleApp41\ConsoleApp41.csproj", "{E9EF5346-57AA-41DB-9882-7557B376D2E3}"
EndProject
Project("{FAE04EC0-301F-11D3-BF4B-00C04F79EFBC}") = "ConsoleApp42", "ConsoleApp42\ConsoleApp42.csproj", "{B0EFC21A-3123-4716-A86D-6B124CF5C1A6}"
EndProject
Project("{FAE04EC0-301F-11D3-BF4B-00C04F79EFBC}") = "ConsoleApp43", "ConsoleApp43\ConsoleApp43.csproj", "{E1649BA4-EB9B-4411-9050-C7C1E159E625}"
EndProject
Project("{FAE04EC0-301F-11D3-BF4B-00C04F79EFBC}") = "AttributeTest", "AttributeTest\AttributeTest.csproj", "{0375E6CB-9785-4F4F-9D9D-49E9641645DC}"
EndProject
Project("{FAE04EC0-301F-11D3-BF4B-00C04F79EFBC}") = "ConsoleApp44", "ConsoleApp44\ConsoleApp44.csproj", "{AB1EE151-50D3-489A-AB19-619D56892728}"
EndProject
Project("{FAE04EC0-301F-11D3-BF4B-00C04F79EFBC}") = "ConsoleApp45", "ConsoleApp45\ConsoleApp45.csproj", "{8FEC6D30-28DB-4D74-B911-398B1E2E9FB6}"
EndProject
Project("{FAE04EC0-301F-11D3-BF4B-00C04F79EFBC}") = "ConsoleApp46", "ConsoleApp46\ConsoleApp46.csproj", "{A7BD89CB-6DF7-40FA-8834-FE0AEEEA2008}"
EndProject
Project("{FAE04EC0-301F-11D3-BF4B-00C04F79EFBC}") = "ConsoleApp47", "ConsoleApp47\ConsoleApp47.csproj", "{F71E2C4E-5A2B-4185-9E04-D336AC5BA492}"
EndProject
Project("{FAE04EC0-301F-11D3-BF4B-00C04F79EFBC}") = "ConsoleApp48", "ConsoleApp48\ConsoleApp48.csproj", "{0D4D4D62-5D14-4C19-9DFB-A7B522E03793}"
EndProject
Project("{FAE04EC0-301F-11D3-BF4B-00C04F79EFBC}") = "ConsoleApp49", "ConsoleApp49\ConsoleApp49.csproj", "{B31DFB5D-93DC-4CF9-8158-D3887C5B3E60}"
EndProject
Project("{FAE04EC0-301F-11D3-BF4B-00C04F79EFBC}") = "ConsoleApp50", "ConsoleApp50\ConsoleApp50.csproj", "{5AD6FD29-65B8-41D8-9D1C-DDB4AB0DB03B}"
EndProject
Project("{FAE04EC0-301F-11D3-BF4B-00C04F79EFBC}") = "ConsoleApp51", "ConsoleApp51\ConsoleApp51.csproj", "{32CE2B4F-1CFD-4F8E-A98A-AE071BA9C581}"
EndProject
Project("{FAE04EC0-301F-11D3-BF4B-00C04F79EFBC}") = "ConsoleApp52", "ConsoleApp52\ConsoleApp52.csproj", "{2206CF09-396C-446D-A5A3-F6471DF7B0BB}"
EndProject
Project("{FAE04EC0-301F-11D3-BF4B-00C04F79EFBC}") = "ConsoleApp53", "ConsoleApp53\ConsoleApp53.csproj", "{E3A60894-3DA1-4EC4-AC15-6E01F30E092C}"
EndProject
Project("{FAE04EC0-301F-11D3-BF4B-00C04F79EFBC}") = "EventTest", "EventTest\EventTest.csproj", "{23F284B6-B7A5-49E1-A352-B78DFF0187BA}"
EndProject
Project("{FAE04EC0-301F-11D3-BF4B-00C04F79EFBC}") = "ConsoleApp54", "ConsoleApp54\ConsoleApp54.csproj", "{3C001563-3CC7-4926-885E-3329C39E4319}"
EndProject
Project("{FAE04EC0-301F-11D3-BF4B-00C04F79EFBC}") = "ConsoleApp55", "ConsoleApp55\ConsoleApp55.csproj", "{B57CB513-3B5C-4445-BBC7-D338DDEE1B01}"
EndProject
Project("{FAE04EC0-301F-11D3-BF4B-00C04F79EFBC}") = "ConsoleApp56", "ConsoleApp56\ConsoleApp56.csproj", "{04DA96F9-23AC-4DDA-A9D7-080A2BDD7DF2}"
EndProject
Project("{FAE04EC0-301F-11D3-BF4B-00C04F79EFBC}") = "ConsoleApp57", "ConsoleApp57\ConsoleApp57.csproj", "{82F2AB12-C313-4539-A05E-4F1004088922}"
EndProject
Project("{FAE04EC0-301F-11D3-BF4B-00C04F79EFBC}") = "ConsoleApp58", "ConsoleApp58\ConsoleApp58.csproj", "{9C65F0A1-C2BC-41CA-A750-CD2981E1CA19}"
EndProject
Project("{FAE04EC0-301F-11D3-BF4B-00C04F79EFBC}") = "ConsoleApp59", "ConsoleApp59\ConsoleApp59.csproj", "{7BE3905B-A30E-45E9-953D-A8E59A4416D8}"
EndProject
Project("{FAE04EC0-301F-11D3-BF4B-00C04F79EFBC}") = "ConsoleApp60", "ConsoleApp60\ConsoleApp60.csproj", "{4DD9E17D-5CA7-44F1-AE93-6E54CEDD599B}"
EndProject
Project("{FAE04EC0-301F-11D3-BF4B-00C04F79EFBC}") = "ConsoleApp61", "ConsoleApp61\ConsoleApp61.csproj", "{5EADD507-A6B8-4539-BB9C-B87647078B16}"
EndProject
Project("{FAE04EC0-301F-11D3-BF4B-00C04F79EFBC}") = "ConsoleApp62", "ConsoleApp62\ConsoleApp62.csproj", "{BC8464DF-F20E-44A9-B35B-62C3A641F191}"
EndProject
Project("{FAE04EC0-301F-11D3-BF4B-00C04F79EFBC}") = "ConsoleApp63", "ConsoleApp63\ConsoleApp63.csproj", "{361FB15E-F64F-474A-9217-DC5BCED1021C}"
EndProject
Project("{FAE04EC0-301F-11D3-BF4B-00C04F79EFBC}") = "ConsoleApp64", "ConsoleApp64\ConsoleApp64.csproj", "{3672EE0B-B73C-4B2D-8CEC-AE33E4A9F592}"
EndProject
Project("{FAE04EC0-301F-11D3-BF4B-00C04F79EFBC}") = "ConsoleApp65", "ConsoleApp65\ConsoleApp65.csproj", "{59291728-50F2-43D5-BCC4-DB102E183393}"
EndProject
Project("{FAE04EC0-301F-11D3-BF4B-00C04F79EFBC}") = "ConsoleApp66", "ConsoleApp66\ConsoleApp66.csproj", "{AA59DC3D-D6EB-4B82-B26F-9B82BB1BC7A5}"
EndProject
Project("{FAE04EC0-301F-11D3-BF4B-00C04F79EFBC}") = "ConsoleApp67", "ConsoleApp67\ConsoleApp67.csproj", "{9EE99FE6-240A-4911-9BE3-867F784A17B4}"
EndProject
Project("{FAE04EC0-301F-11D3-BF4B-00C04F79EFBC}") = "ConsoleApp68", "ConsoleApp68\ConsoleApp68.csproj", "{77889378-BE89-4868-B9A9-B621BD69B046}"
EndProject
Project("{FAE04EC0-301F-11D3-BF4B-00C04F79EFBC}") = "ConsoleApp69", "ConsoleApp69\ConsoleApp69.csproj", "{09C50660-8A7C-444D-9AA4-C5A7686CA961}"
EndProject
Project("{FAE04EC0-301F-11D3-BF4B-00C04F79EFBC}") = "ConsoleApp70", "ConsoleApp70\ConsoleApp70.csproj", "{7774B486-92E2-4B70-B67F-BD46E60B6603}"
EndProject
Project("{FAE04EC0-301F-11D3-BF4B-00C04F79EFBC}") = "ConsoleApp71", "ConsoleApp71\ConsoleApp71.csproj", "{B93E3AE6-4590-4690-8CB2-4AC7511BEE75}"
EndProject
Project("{FAE04EC0-301F-11D3-BF4B-00C04F79EFBC}") = "ConsoleApp72", "ConsoleApp72\ConsoleApp72.csproj", "{00BF38C0-F3CC-4118-BBAF-62DF40F57A7F}"
EndProject
Project("{FAE04EC0-301F-11D3-BF4B-00C04F79EFBC}") = "ConsoleApp73", "ConsoleApp73\ConsoleApp73.csproj", "{85976659-37C4-439A-B1FA-0EA1D012C215}"
EndProject
Project("{FAE04EC0-301F-11D3-BF4B-00C04F79EFBC}") = "ConsoleApp74", "ConsoleApp74\ConsoleApp74.csproj", "{2509A117-15F4-4728-B995-EA4DFEE8CBE8}"
EndProject
Project("{FAE04EC0-301F-11D3-BF4B-00C04F79EFBC}") = "ConsoleApp75", "ConsoleApp75\ConsoleApp75.csproj", "{52E6B2D8-E2D7-4C36-984E-08BF808F7207}"
EndProject
Project("{FAE04EC0-301F-11D3-BF4B-00C04F79EFBC}") = "ConsoleApp76", "ConsoleApp76\ConsoleApp76.csproj", "{BE75FD86-ED70-4B10-BAFB-C3528E75FB80}"
EndProject
Project("{FAE04EC0-301F-11D3-BF4B-00C04F79EFBC}") = "ConsoleApp77", "ConsoleApp77\ConsoleApp77.csproj", "{6DCAF187-E5D1-4FC7-B1B8-6824844A65C0}"
EndProject
Project("{FAE04EC0-301F-11D3-BF4B-00C04F79EFBC}") = "ConsoleApp78", "ConsoleApp78\ConsoleApp78.csproj", "{00429F80-08B7-4DA6-BF3F-7F438AD84308}"
EndProject
Project("{FAE04EC0-301F-11D3-BF4B-00C04F79EFBC}") = "ConsoleApp79", "ConsoleApp79\ConsoleApp79.csproj", "{FCF154F3-8DC7-40CD-B151-F6341A5375F0}"
EndProject
Project("{FAE04EC0-301F-11D3-BF4B-00C04F79EFBC}") = "ConsoleApp80", "ConsoleApp80\ConsoleApp80.csproj", "{42B32A46-10F4-4671-90F4-59F35E7CF481}"
EndProject
Project("{FAE04EC0-301F-11D3-BF4B-00C04F79EFBC}") = "ConsoleApp81", "ConsoleApp81\ConsoleApp81.csproj", "{5E2260E4-EB66-4418-B1DA-AD6AFC35E284}"
EndProject
Project("{FAE04EC0-301F-11D3-BF4B-00C04F79EFBC}") = "ConsoleApp82", "ConsoleApp82\ConsoleApp82.csproj", "{9431D567-0E48-40D0-9568-0F6BC3D3BC16}"
EndProject
Project("{FAE04EC0-301F-11D3-BF4B-00C04F79EFBC}") = "ConsoleApp83", "ConsoleApp83\ConsoleApp83.csproj", "{3916C4CE-8F00-4C79-9D4C-745222BB9C73}"
EndProject
Project("{FAE04EC0-301F-11D3-BF4B-00C04F79EFBC}") = "ConsoleApp84", "ConsoleApp84\ConsoleApp84.csproj", "{A8C5A891-758A-4360-AF85-6403461DAF05}"
EndProject
Project("{FAE04EC0-301F-11D3-BF4B-00C04F79EFBC}") = "ConsoleApp85", "ConsoleApp85\ConsoleApp85.csproj", "{97770789-D1BB-4F2B-ADEB-92317E3091A4}"
EndProject
Project("{FAE04EC0-301F-11D3-BF4B-00C04F79EFBC}") = "ConsoleApp86", "ConsoleApp86\ConsoleApp86.csproj", "{D4D35593-872D-45D1-9DE8-12373872CB46}"
EndProject
Project("{FAE04EC0-301F-11D3-BF4B-00C04F79EFBC}") = "ConsoleApp87", "ConsoleApp87\ConsoleApp87.csproj", "{000CC5DB-6ECC-47F0-8639-9C290053A549}"
EndProject
Project("{FAE04EC0-301F-11D3-BF4B-00C04F79EFBC}") = "ConsoleApp88", "ConsoleApp88\ConsoleApp88.csproj", "{27D244B0-BEF5-43EA-B428-919E8B8C850E}"
EndProject
Project("{FAE04EC0-301F-11D3-BF4B-00C04F79EFBC}") = "ConsoleApp89", "ConsoleApp89\ConsoleApp89.csproj", "{15839A4C-F2FB-4289-8F2E-60A9491E671A}"
EndProject
Project("{FAE04EC0-301F-11D3-BF4B-00C04F79EFBC}") = "ConsoleApp90", "ConsoleApp90\ConsoleApp90.csproj", "{7F520E18-998E-4DCC-AE37-B667F5571731}"
EndProject
Project("{FAE04EC0-301F-11D3-BF4B-00C04F79EFBC}") = "ConsoleApp91", "ConsoleApp91\ConsoleApp91.csproj", "{F1321771-4DF5-4A06-9FE6-CE8EE1058A28}"
EndProject
Project("{FAE04EC0-301F-11D3-BF4B-00C04F79EFBC}") = "ConsoleApp92", "ConsoleApp92\ConsoleApp92.csproj", "{01893597-DA41-4CA8-86F6-3C9638BD8C72}"
EndProject
Project("{FAE04EC0-301F-11D3-BF4B-00C04F79EFBC}") = "ConsoleApp93", "ConsoleApp93\ConsoleApp93.csproj", "{667A91C5-96BE-4061-8C7A-20C396C200A6}"
EndProject
Project("{FAE04EC0-301F-11D3-BF4B-00C04F79EFBC}") = "ConsoleApp94", "ConsoleApp94\ConsoleApp94.csproj", "{F34E032D-267C-4490-8BB7-BB6D7128F71C}"
EndProject
Project("{FAE04EC0-301F-11D3-BF4B-00C04F79EFBC}") = "ConsoleApp95", "ConsoleApp95\ConsoleApp95.csproj", "{0D5BCD6B-1871-493C-B2DA-060FE6F90B5A}"
EndProject
Project("{FAE04EC0-301F-11D3-BF4B-00C04F79EFBC}") = "ConsoleApp96", "ConsoleApp96\ConsoleApp96.csproj", "{FDF24AA9-62B4-4268-B721-4A5A2C9C408A}"
EndProject
Project("{FAE04EC0-301F-11D3-BF4B-00C04F79EFBC}") = "ConsoleApp97", "ConsoleApp97\ConsoleApp97.csproj", "{518ADD58-3617-4D59-9BDE-1985BA457009}"
EndProject
Project("{FAE04EC0-301F-11D3-BF4B-00C04F79EFBC}") = "ConsoleApp98", "ConsoleApp98\ConsoleApp98.csproj", "{1D4B4F1A-F256-4484-8D6A-485D3E95507B}"
EndProject
Project("{FAE04EC0-301F-11D3-BF4B-00C04F79EFBC}") = "ConsoleApp99", "ConsoleApp99\ConsoleApp99.csproj", "{8C49DB0C-1AE8-4E94-8675-5E6176842613}"
EndProject
Project("{FAE04EC0-301F-11D3-BF4B-00C04F79EFBC}") = "ConsoleApp100", "ConsoleApp100\ConsoleApp100.csproj", "{E3F2F66C-E8ED-4168-9C0C-711435116F05}"
EndProject
Project("{FAE04EC0-301F-11D3-BF4B-00C04F79EFBC}") = "ConsoleApp101", "ConsoleApp101\ConsoleApp101.csproj", "{DC912088-F54B-411A-A7A3-ECC6772CE3E4}"
EndProject
Project("{FAE04EC0-301F-11D3-BF4B-00C04F79EFBC}") = "ConsoleApp102", "ConsoleApp102\ConsoleApp102.csproj", "{8253FEB8-FA2B-4F2D-A86D-CA7177940FCF}"
EndProject
Project("{FAE04EC0-301F-11D3-BF4B-00C04F79EFBC}") = "WindowsFormsApp1", "WindowsFormsApp1\WindowsFormsApp1.csproj", "{A269CA64-0736-48C2-AE8C-63DF36D14D8A}"
EndProject
Project("{FAE04EC0-301F-11D3-BF4B-00C04F79EFBC}") = "WindowsFormsApp2", "WindowsFormsApp2\WindowsFormsApp2.csproj", "{1F3C219D-B9A5-4553-B302-3C8CBFF099D3}"
EndProject
Project("{FAE04EC0-301F-11D3-BF4B-00C04F79EFBC}") = "WindowsFormsApp3", "WindowsFormsApp3\WindowsFormsApp3.csproj", "{28552736-1E1E-45F7-87D2-CD600F80B41E}"
EndProject
Project("{FAE04EC0-301F-11D3-BF4B-00C04F79EFBC}") = "WindowsFormsApp4", "WindowsFormsApp4\WindowsFormsApp4.csproj", "{5A5D87FB-8FE5-47D2-A220-8FECE8FC2380}"
EndProject
Project("{FAE04EC0-301F-11D3-BF4B-00C04F79EFBC}") = "ConsoleApp103", "ConsoleApp103\ConsoleApp103.csproj", "{3E2E1A17-CE56-4A71-B639-FDA3D8D2BCD8}"
EndProject
Project("{FAE04EC0-301F-11D3-BF4B-00C04F79EFBC}") = "ConsoleApp104", "ConsoleApp104\ConsoleApp104.csproj", "{5C8A44C2-FA7F-407C-BB4A-C91236D0862C}"
EndProject
Project("{FAE04EC0-301F-11D3-BF4B-00C04F79EFBC}") = "WindowsFormsApp5", "WindowsFormsApp5\WindowsFormsApp5.csproj", "{A3DDFEE7-FFFA-4C5B-AD3B-8F07B13CCBFD}"
EndProject
Project("{FAE04EC0-301F-11D3-BF4B-00C04F79EFBC}") = "ConsoleApp105", "ConsoleApp105\ConsoleApp105.csproj", "{4455EFDA-5955-4CAE-9DF7-B25BDCC06867}"
EndProject
Project("{FAE04EC0-301F-11D3-BF4B-00C04F79EFBC}") = "OracleTest", "OracleTest\OracleTest.csproj", "{84CFB905-F992-4B1A-BC5D-6E30DB5556B7}"
EndProject
Project("{FAE04EC0-301F-11D3-BF4B-00C04F79EFBC}") = "TransactionExam", "TransactionExam\TransactionExam.csproj", "{B6390A7D-B95F-4634-893A-968E4A856CDC}"
EndProject
Project("{FAE04EC0-301F-11D3-BF4B-00C04F79EFBC}") = "ConsoleApp106", "ConsoleApp106\ConsoleApp106.csproj", "{E1DB778B-E315-4D24-BBB6-CD46B9D9AFBD}"
EndProject
Global
	GlobalSection(SolutionConfigurationPlatforms) = preSolution
		Debug|Any CPU = Debug|Any CPU
		Release|Any CPU = Release|Any CPU
	EndGlobalSection
	GlobalSection(ProjectConfigurationPlatforms) = postSolution
		{3F846C3A-F779-4698-BE8C-361E24DBCB17}.Debug|Any CPU.ActiveCfg = Debug|Any CPU
		{3F846C3A-F779-4698-BE8C-361E24DBCB17}.Debug|Any CPU.Build.0 = Debug|Any CPU
		{3F846C3A-F779-4698-BE8C-361E24DBCB17}.Release|Any CPU.ActiveCfg = Release|Any CPU
		{3F846C3A-F779-4698-BE8C-361E24DBCB17}.Release|Any CPU.Build.0 = Release|Any CPU
		{E342001D-F74E-474B-8E4F-775F672E947D}.Debug|Any CPU.ActiveCfg = Debug|Any CPU
		{E342001D-F74E-474B-8E4F-775F672E947D}.Debug|Any CPU.Build.0 = Debug|Any CPU
		{E342001D-F74E-474B-8E4F-775F672E947D}.Release|Any CPU.ActiveCfg = Release|Any CPU
		{E342001D-F74E-474B-8E4F-775F672E947D}.Release|Any CPU.Build.0 = Release|Any CPU
		{3341551C-24CE-4DEC-A9ED-2ED8A1E61E15}.Debug|Any CPU.ActiveCfg = Debug|Any CPU
		{3341551C-24CE-4DEC-A9ED-2ED8A1E61E15}.Debug|Any CPU.Build.0 = Debug|Any CPU
		{3341551C-24CE-4DEC-A9ED-2ED8A1E61E15}.Release|Any CPU.ActiveCfg = Release|Any CPU
		{3341551C-24CE-4DEC-A9ED-2ED8A1E61E15}.Release|Any CPU.Build.0 = Release|Any CPU
		{062939A1-7D13-4A33-B772-2856D5928B92}.Debug|Any CPU.ActiveCfg = Debug|Any CPU
		{062939A1-7D13-4A33-B772-2856D5928B92}.Debug|Any CPU.Build.0 = Debug|Any CPU
		{062939A1-7D13-4A33-B772-2856D5928B92}.Release|Any CPU.ActiveCfg = Release|Any CPU
		{062939A1-7D13-4A33-B772-2856D5928B92}.Release|Any CPU.Build.0 = Release|Any CPU
		{255844DC-07FA-4EDF-8620-2EA785D4441E}.Debug|Any CPU.ActiveCfg = Debug|Any CPU
		{255844DC-07FA-4EDF-8620-2EA785D4441E}.Debug|Any CPU.Build.0 = Debug|Any CPU
		{255844DC-07FA-4EDF-8620-2EA785D4441E}.Release|Any CPU.ActiveCfg = Release|Any CPU
		{255844DC-07FA-4EDF-8620-2EA785D4441E}.Release|Any CPU.Build.0 = Release|Any CPU
		{1D0E027D-5546-4F5D-921E-8FE28FB2BD91}.Debug|Any CPU.ActiveCfg = Debug|Any CPU
		{1D0E027D-5546-4F5D-921E-8FE28FB2BD91}.Debug|Any CPU.Build.0 = Debug|Any CPU
		{1D0E027D-5546-4F5D-921E-8FE28FB2BD91}.Release|Any CPU.ActiveCfg = Release|Any CPU
		{1D0E027D-5546-4F5D-921E-8FE28FB2BD91}.Release|Any CPU.Build.0 = Release|Any CPU
		{3955F27A-7448-447E-856E-37A6FA700307}.Debug|Any CPU.ActiveCfg = Debug|Any CPU
		{3955F27A-7448-447E-856E-37A6FA700307}.Debug|Any CPU.Build.0 = Debug|Any CPU
		{3955F27A-7448-447E-856E-37A6FA700307}.Release|Any CPU.ActiveCfg = Release|Any CPU
		{3955F27A-7448-447E-856E-37A6FA700307}.Release|Any CPU.Build.0 = Release|Any CPU
		{7BAC46B9-9487-468E-84EC-6FE7F71C6C43}.Debug|Any CPU.ActiveCfg = Debug|Any CPU
		{7BAC46B9-9487-468E-84EC-6FE7F71C6C43}.Debug|Any CPU.Build.0 = Debug|Any CPU
		{7BAC46B9-9487-468E-84EC-6FE7F71C6C43}.Release|Any CPU.ActiveCfg = Release|Any CPU
		{7BAC46B9-9487-468E-84EC-6FE7F71C6C43}.Release|Any CPU.Build.0 = Release|Any CPU
		{C68863DD-B454-4FE2-9EBA-A2253BC0020A}.Debug|Any CPU.ActiveCfg = Debug|Any CPU
		{C68863DD-B454-4FE2-9EBA-A2253BC0020A}.Debug|Any CPU.Build.0 = Debug|Any CPU
		{C68863DD-B454-4FE2-9EBA-A2253BC0020A}.Release|Any CPU.ActiveCfg = Release|Any CPU
		{C68863DD-B454-4FE2-9EBA-A2253BC0020A}.Release|Any CPU.Build.0 = Release|Any CPU
		{FEFF9999-5F4C-4316-96A2-6D026BD46CA5}.Debug|Any CPU.ActiveCfg = Debug|Any CPU
		{FEFF9999-5F4C-4316-96A2-6D026BD46CA5}.Debug|Any CPU.Build.0 = Debug|Any CPU
		{FEFF9999-5F4C-4316-96A2-6D026BD46CA5}.Release|Any CPU.ActiveCfg = Release|Any CPU
		{FEFF9999-5F4C-4316-96A2-6D026BD46CA5}.Release|Any CPU.Build.0 = Release|Any CPU
		{0487B4BD-2392-4FAA-9566-DAD0675752C1}.Debug|Any CPU.ActiveCfg = Debug|Any CPU
		{0487B4BD-2392-4FAA-9566-DAD0675752C1}.Debug|Any CPU.Build.0 = Debug|Any CPU
		{0487B4BD-2392-4FAA-9566-DAD0675752C1}.Release|Any CPU.ActiveCfg = Release|Any CPU
		{0487B4BD-2392-4FAA-9566-DAD0675752C1}.Release|Any CPU.Build.0 = Release|Any CPU
		{78FD704C-C1B4-4C9D-B5A1-B3A48B6EE24E}.Debug|Any CPU.ActiveCfg = Debug|Any CPU
		{78FD704C-C1B4-4C9D-B5A1-B3A48B6EE24E}.Debug|Any CPU.Build.0 = Debug|Any CPU
		{78FD704C-C1B4-4C9D-B5A1-B3A48B6EE24E}.Release|Any CPU.ActiveCfg = Release|Any CPU
		{78FD704C-C1B4-4C9D-B5A1-B3A48B6EE24E}.Release|Any CPU.Build.0 = Release|Any CPU
		{4A2A24F0-31F3-49B8-B2EF-F8D007418184}.Debug|Any CPU.ActiveCfg = Debug|Any CPU
		{4A2A24F0-31F3-49B8-B2EF-F8D007418184}.Debug|Any CPU.Build.0 = Debug|Any CPU
		{4A2A24F0-31F3-49B8-B2EF-F8D007418184}.Release|Any CPU.ActiveCfg = Release|Any CPU
		{4A2A24F0-31F3-49B8-B2EF-F8D007418184}.Release|Any CPU.Build.0 = Release|Any CPU
		{02125ECC-A0B8-477C-AAD1-0E7BC0B5845A}.Debug|Any CPU.ActiveCfg = Debug|Any CPU
		{02125ECC-A0B8-477C-AAD1-0E7BC0B5845A}.Debug|Any CPU.Build.0 = Debug|Any CPU
		{02125ECC-A0B8-477C-AAD1-0E7BC0B5845A}.Release|Any CPU.ActiveCfg = Release|Any CPU
		{02125ECC-A0B8-477C-AAD1-0E7BC0B5845A}.Release|Any CPU.Build.0 = Release|Any CPU
		{5D1A8222-B518-400E-9F77-DCD7BB8D1607}.Debug|Any CPU.ActiveCfg = Debug|Any CPU
		{5D1A8222-B518-400E-9F77-DCD7BB8D1607}.Debug|Any CPU.Build.0 = Debug|Any CPU
		{5D1A8222-B518-400E-9F77-DCD7BB8D1607}.Release|Any CPU.ActiveCfg = Release|Any CPU
		{5D1A8222-B518-400E-9F77-DCD7BB8D1607}.Release|Any CPU.Build.0 = Release|Any CPU
		{CF17CDCB-F69C-4280-B7A7-45ECB14BB6D7}.Debug|Any CPU.ActiveCfg = Debug|Any CPU
		{CF17CDCB-F69C-4280-B7A7-45ECB14BB6D7}.Debug|Any CPU.Build.0 = Debug|Any CPU
		{CF17CDCB-F69C-4280-B7A7-45ECB14BB6D7}.Release|Any CPU.ActiveCfg = Release|Any CPU
		{CF17CDCB-F69C-4280-B7A7-45ECB14BB6D7}.Release|Any CPU.Build.0 = Release|Any CPU
		{F3A56C49-D74A-4223-A7A8-E5FE7227C00C}.Debug|Any CPU.ActiveCfg = Debug|Any CPU
		{F3A56C49-D74A-4223-A7A8-E5FE7227C00C}.Debug|Any CPU.Build.0 = Debug|Any CPU
		{F3A56C49-D74A-4223-A7A8-E5FE7227C00C}.Release|Any CPU.ActiveCfg = Release|Any CPU
		{F3A56C49-D74A-4223-A7A8-E5FE7227C00C}.Release|Any CPU.Build.0 = Release|Any CPU
		{5BEED151-436F-464B-9C7E-5976ADAF6A08}.Debug|Any CPU.ActiveCfg = Debug|Any CPU
		{5BEED151-436F-464B-9C7E-5976ADAF6A08}.Debug|Any CPU.Build.0 = Debug|Any CPU
		{5BEED151-436F-464B-9C7E-5976ADAF6A08}.Release|Any CPU.ActiveCfg = Release|Any CPU
		{5BEED151-436F-464B-9C7E-5976ADAF6A08}.Release|Any CPU.Build.0 = Release|Any CPU
		{B1C2102D-DD16-4F19-B251-7E9A089E4C21}.Debug|Any CPU.ActiveCfg = Debug|Any CPU
		{B1C2102D-DD16-4F19-B251-7E9A089E4C21}.Debug|Any CPU.Build.0 = Debug|Any CPU
		{B1C2102D-DD16-4F19-B251-7E9A089E4C21}.Release|Any CPU.ActiveCfg = Release|Any CPU
		{B1C2102D-DD16-4F19-B251-7E9A089E4C21}.Release|Any CPU.Build.0 = Release|Any CPU
		{A06A9AD5-BB51-4C89-A5F3-DE12945292DC}.Debug|Any CPU.ActiveCfg = Debug|Any CPU
		{A06A9AD5-BB51-4C89-A5F3-DE12945292DC}.Debug|Any CPU.Build.0 = Debug|Any CPU
		{A06A9AD5-BB51-4C89-A5F3-DE12945292DC}.Release|Any CPU.ActiveCfg = Release|Any CPU
		{A06A9AD5-BB51-4C89-A5F3-DE12945292DC}.Release|Any CPU.Build.0 = Release|Any CPU
		{6771A447-189B-4E0F-93DA-1AE3A8815323}.Debug|Any CPU.ActiveCfg = Debug|Any CPU
		{6771A447-189B-4E0F-93DA-1AE3A8815323}.Debug|Any CPU.Build.0 = Debug|Any CPU
		{6771A447-189B-4E0F-93DA-1AE3A8815323}.Release|Any CPU.ActiveCfg = Release|Any CPU
		{6771A447-189B-4E0F-93DA-1AE3A8815323}.Release|Any CPU.Build.0 = Release|Any CPU
		{C43AD9D1-1BE3-4764-AD50-E06F841A34EF}.Debug|Any CPU.ActiveCfg = Debug|Any CPU
		{C43AD9D1-1BE3-4764-AD50-E06F841A34EF}.Debug|Any CPU.Build.0 = Debug|Any CPU
		{C43AD9D1-1BE3-4764-AD50-E06F841A34EF}.Release|Any CPU.ActiveCfg = Release|Any CPU
		{C43AD9D1-1BE3-4764-AD50-E06F841A34EF}.Release|Any CPU.Build.0 = Release|Any CPU
		{E76F3115-C650-4697-98EB-C06CEA7C2CB4}.Debug|Any CPU.ActiveCfg = Debug|Any CPU
		{E76F3115-C650-4697-98EB-C06CEA7C2CB4}.Debug|Any CPU.Build.0 = Debug|Any CPU
		{E76F3115-C650-4697-98EB-C06CEA7C2CB4}.Release|Any CPU.ActiveCfg = Release|Any CPU
		{E76F3115-C650-4697-98EB-C06CEA7C2CB4}.Release|Any CPU.Build.0 = Release|Any CPU
		{70BFDF25-3FCA-4192-AE0C-7F3B7E6C4092}.Debug|Any CPU.ActiveCfg = Debug|Any CPU
		{70BFDF25-3FCA-4192-AE0C-7F3B7E6C4092}.Debug|Any CPU.Build.0 = Debug|Any CPU
		{70BFDF25-3FCA-4192-AE0C-7F3B7E6C4092}.Release|Any CPU.ActiveCfg = Release|Any CPU
		{70BFDF25-3FCA-4192-AE0C-7F3B7E6C4092}.Release|Any CPU.Build.0 = Release|Any CPU
		{CED87E93-8CA4-4825-8374-C0BE89DF327B}.Debug|Any CPU.ActiveCfg = Debug|Any CPU
		{CED87E93-8CA4-4825-8374-C0BE89DF327B}.Debug|Any CPU.Build.0 = Debug|Any CPU
		{CED87E93-8CA4-4825-8374-C0BE89DF327B}.Release|Any CPU.ActiveCfg = Release|Any CPU
		{CED87E93-8CA4-4825-8374-C0BE89DF327B}.Release|Any CPU.Build.0 = Release|Any CPU
		{52450A2A-E4DC-4461-8460-F5CF17642582}.Debug|Any CPU.ActiveCfg = Debug|Any CPU
		{52450A2A-E4DC-4461-8460-F5CF17642582}.Debug|Any CPU.Build.0 = Debug|Any CPU
		{52450A2A-E4DC-4461-8460-F5CF17642582}.Release|Any CPU.ActiveCfg = Release|Any CPU
		{52450A2A-E4DC-4461-8460-F5CF17642582}.Release|Any CPU.Build.0 = Release|Any CPU
		{6D9B80DB-A236-4593-B862-39BCCED446B3}.Debug|Any CPU.ActiveCfg = Debug|Any CPU
		{6D9B80DB-A236-4593-B862-39BCCED446B3}.Debug|Any CPU.Build.0 = Debug|Any CPU
		{6D9B80DB-A236-4593-B862-39BCCED446B3}.Release|Any CPU.ActiveCfg = Release|Any CPU
		{6D9B80DB-A236-4593-B862-39BCCED446B3}.Release|Any CPU.Build.0 = Release|Any CPU
		{E3A99391-36FC-4D1F-8D42-E7BA0EB587DC}.Debug|Any CPU.ActiveCfg = Debug|Any CPU
		{E3A99391-36FC-4D1F-8D42-E7BA0EB587DC}.Debug|Any CPU.Build.0 = Debug|Any CPU
		{E3A99391-36FC-4D1F-8D42-E7BA0EB587DC}.Release|Any CPU.ActiveCfg = Release|Any CPU
		{E3A99391-36FC-4D1F-8D42-E7BA0EB587DC}.Release|Any CPU.Build.0 = Release|Any CPU
		{CA0EE610-3584-4E55-8EAF-2C6B915A3716}.Debug|Any CPU.ActiveCfg = Debug|Any CPU
		{CA0EE610-3584-4E55-8EAF-2C6B915A3716}.Debug|Any CPU.Build.0 = Debug|Any CPU
		{CA0EE610-3584-4E55-8EAF-2C6B915A3716}.Release|Any CPU.ActiveCfg = Release|Any CPU
		{CA0EE610-3584-4E55-8EAF-2C6B915A3716}.Release|Any CPU.Build.0 = Release|Any CPU
		{15D8679E-FC61-4C32-BF53-04F42EAB29D8}.Debug|Any CPU.ActiveCfg = Debug|Any CPU
		{15D8679E-FC61-4C32-BF53-04F42EAB29D8}.Debug|Any CPU.Build.0 = Debug|Any CPU
		{15D8679E-FC61-4C32-BF53-04F42EAB29D8}.Release|Any CPU.ActiveCfg = Release|Any CPU
		{15D8679E-FC61-4C32-BF53-04F42EAB29D8}.Release|Any CPU.Build.0 = Release|Any CPU
		{3D0E2743-0CDB-4DD5-AC64-8049949AFCAE}.Debug|Any CPU.ActiveCfg = Debug|Any CPU
		{3D0E2743-0CDB-4DD5-AC64-8049949AFCAE}.Debug|Any CPU.Build.0 = Debug|Any CPU
		{3D0E2743-0CDB-4DD5-AC64-8049949AFCAE}.Release|Any CPU.ActiveCfg = Release|Any CPU
		{3D0E2743-0CDB-4DD5-AC64-8049949AFCAE}.Release|Any CPU.Build.0 = Release|Any CPU
		{DA34A072-CD72-4F53-9BD2-79575974C8B2}.Debug|Any CPU.ActiveCfg = Debug|Any CPU
		{DA34A072-CD72-4F53-9BD2-79575974C8B2}.Debug|Any CPU.Build.0 = Debug|Any CPU
		{DA34A072-CD72-4F53-9BD2-79575974C8B2}.Release|Any CPU.ActiveCfg = Release|Any CPU
		{DA34A072-CD72-4F53-9BD2-79575974C8B2}.Release|Any CPU.Build.0 = Release|Any CPU
		{D211E4F8-FC0E-41E4-8FED-00CD55C4262D}.Debug|Any CPU.ActiveCfg = Debug|Any CPU
		{D211E4F8-FC0E-41E4-8FED-00CD55C4262D}.Debug|Any CPU.Build.0 = Debug|Any CPU
		{D211E4F8-FC0E-41E4-8FED-00CD55C4262D}.Release|Any CPU.ActiveCfg = Release|Any CPU
		{D211E4F8-FC0E-41E4-8FED-00CD55C4262D}.Release|Any CPU.Build.0 = Release|Any CPU
		{64789695-F0B0-4BE4-90B1-ECACE653D047}.Debug|Any CPU.ActiveCfg = Debug|Any CPU
		{64789695-F0B0-4BE4-90B1-ECACE653D047}.Debug|Any CPU.Build.0 = Debug|Any CPU
		{64789695-F0B0-4BE4-90B1-ECACE653D047}.Release|Any CPU.ActiveCfg = Release|Any CPU
		{64789695-F0B0-4BE4-90B1-ECACE653D047}.Release|Any CPU.Build.0 = Release|Any CPU
		{2E917612-1B84-46EA-8380-74CD48FA8861}.Debug|Any CPU.ActiveCfg = Debug|Any CPU
		{2E917612-1B84-46EA-8380-74CD48FA8861}.Debug|Any CPU.Build.0 = Debug|Any CPU
		{2E917612-1B84-46EA-8380-74CD48FA8861}.Release|Any CPU.ActiveCfg = Release|Any CPU
		{2E917612-1B84-46EA-8380-74CD48FA8861}.Release|Any CPU.Build.0 = Release|Any CPU
		{EDC75128-E24C-4A0C-BD0B-BE518C52FF26}.Debug|Any CPU.ActiveCfg = Debug|Any CPU
		{EDC75128-E24C-4A0C-BD0B-BE518C52FF26}.Debug|Any CPU.Build.0 = Debug|Any CPU
		{EDC75128-E24C-4A0C-BD0B-BE518C52FF26}.Release|Any CPU.ActiveCfg = Release|Any CPU
		{EDC75128-E24C-4A0C-BD0B-BE518C52FF26}.Release|Any CPU.Build.0 = Release|Any CPU
		{2A4BF2F8-13FC-4097-BC0C-8E1E07BCBC4A}.Debug|Any CPU.ActiveCfg = Debug|Any CPU
		{2A4BF2F8-13FC-4097-BC0C-8E1E07BCBC4A}.Debug|Any CPU.Build.0 = Debug|Any CPU
		{2A4BF2F8-13FC-4097-BC0C-8E1E07BCBC4A}.Release|Any CPU.ActiveCfg = Release|Any CPU
		{2A4BF2F8-13FC-4097-BC0C-8E1E07BCBC4A}.Release|Any CPU.Build.0 = Release|Any CPU
		{A3D35601-299B-44F7-8114-449059D27EDE}.Debug|Any CPU.ActiveCfg = Debug|Any CPU
		{A3D35601-299B-44F7-8114-449059D27EDE}.Debug|Any CPU.Build.0 = Debug|Any CPU
		{A3D35601-299B-44F7-8114-449059D27EDE}.Release|Any CPU.ActiveCfg = Release|Any CPU
		{A3D35601-299B-44F7-8114-449059D27EDE}.Release|Any CPU.Build.0 = Release|Any CPU
		{98B158DA-CE3D-4040-B639-E9C404E23E0E}.Debug|Any CPU.ActiveCfg = Debug|Any CPU
		{98B158DA-CE3D-4040-B639-E9C404E23E0E}.Debug|Any CPU.Build.0 = Debug|Any CPU
		{98B158DA-CE3D-4040-B639-E9C404E23E0E}.Release|Any CPU.ActiveCfg = Release|Any CPU
		{98B158DA-CE3D-4040-B639-E9C404E23E0E}.Release|Any CPU.Build.0 = Release|Any CPU
		{319C1554-1926-4443-802D-CF0B997F71B9}.Debug|Any CPU.ActiveCfg = Debug|Any CPU
		{319C1554-1926-4443-802D-CF0B997F71B9}.Debug|Any CPU.Build.0 = Debug|Any CPU
		{319C1554-1926-4443-802D-CF0B997F71B9}.Release|Any CPU.ActiveCfg = Release|Any CPU
		{319C1554-1926-4443-802D-CF0B997F71B9}.Release|Any CPU.Build.0 = Release|Any CPU
		{FED285A5-2F4F-4008-A1D9-AE2601D05D66}.Debug|Any CPU.ActiveCfg = Debug|Any CPU
		{FED285A5-2F4F-4008-A1D9-AE2601D05D66}.Debug|Any CPU.Build.0 = Debug|Any CPU
		{FED285A5-2F4F-4008-A1D9-AE2601D05D66}.Release|Any CPU.ActiveCfg = Release|Any CPU
		{FED285A5-2F4F-4008-A1D9-AE2601D05D66}.Release|Any CPU.Build.0 = Release|Any CPU
		{FF90A876-9A65-4E71-A1EF-2616BB537A26}.Debug|Any CPU.ActiveCfg = Debug|Any CPU
		{FF90A876-9A65-4E71-A1EF-2616BB537A26}.Debug|Any CPU.Build.0 = Debug|Any CPU
		{FF90A876-9A65-4E71-A1EF-2616BB537A26}.Release|Any CPU.ActiveCfg = Release|Any CPU
		{FF90A876-9A65-4E71-A1EF-2616BB537A26}.Release|Any CPU.Build.0 = Release|Any CPU
		{89FDEADF-4766-4295-AF2E-C26713C67F83}.Debug|Any CPU.ActiveCfg = Debug|Any CPU
		{89FDEADF-4766-4295-AF2E-C26713C67F83}.Debug|Any CPU.Build.0 = Debug|Any CPU
		{89FDEADF-4766-4295-AF2E-C26713C67F83}.Release|Any CPU.ActiveCfg = Release|Any CPU
		{89FDEADF-4766-4295-AF2E-C26713C67F83}.Release|Any CPU.Build.0 = Release|Any CPU
		{E9EF5346-57AA-41DB-9882-7557B376D2E3}.Debug|Any CPU.ActiveCfg = Debug|Any CPU
		{E9EF5346-57AA-41DB-9882-7557B376D2E3}.Debug|Any CPU.Build.0 = Debug|Any CPU
		{E9EF5346-57AA-41DB-9882-7557B376D2E3}.Release|Any CPU.ActiveCfg = Release|Any CPU
		{E9EF5346-57AA-41DB-9882-7557B376D2E3}.Release|Any CPU.Build.0 = Release|Any CPU
		{B0EFC21A-3123-4716-A86D-6B124CF5C1A6}.Debug|Any CPU.ActiveCfg = Debug|Any CPU
		{B0EFC21A-3123-4716-A86D-6B124CF5C1A6}.Debug|Any CPU.Build.0 = Debug|Any CPU
		{B0EFC21A-3123-4716-A86D-6B124CF5C1A6}.Release|Any CPU.ActiveCfg = Release|Any CPU
		{B0EFC21A-3123-4716-A86D-6B124CF5C1A6}.Release|Any CPU.Build.0 = Release|Any CPU
		{E1649BA4-EB9B-4411-9050-C7C1E159E625}.Debug|Any CPU.ActiveCfg = Debug|Any CPU
		{E1649BA4-EB9B-4411-9050-C7C1E159E625}.Debug|Any CPU.Build.0 = Debug|Any CPU
		{E1649BA4-EB9B-4411-9050-C7C1E159E625}.Release|Any CPU.ActiveCfg = Release|Any CPU
		{E1649BA4-EB9B-4411-9050-C7C1E159E625}.Release|Any CPU.Build.0 = Release|Any CPU
		{0375E6CB-9785-4F4F-9D9D-49E9641645DC}.Debug|Any CPU.ActiveCfg = Debug|Any CPU
		{0375E6CB-9785-4F4F-9D9D-49E9641645DC}.Debug|Any CPU.Build.0 = Debug|Any CPU
		{0375E6CB-9785-4F4F-9D9D-49E9641645DC}.Release|Any CPU.ActiveCfg = Release|Any CPU
		{0375E6CB-9785-4F4F-9D9D-49E9641645DC}.Release|Any CPU.Build.0 = Release|Any CPU
		{AB1EE151-50D3-489A-AB19-619D56892728}.Debug|Any CPU.ActiveCfg = Debug|Any CPU
		{AB1EE151-50D3-489A-AB19-619D56892728}.Debug|Any CPU.Build.0 = Debug|Any CPU
		{AB1EE151-50D3-489A-AB19-619D56892728}.Release|Any CPU.ActiveCfg = Release|Any CPU
		{AB1EE151-50D3-489A-AB19-619D56892728}.Release|Any CPU.Build.0 = Release|Any CPU
		{8FEC6D30-28DB-4D74-B911-398B1E2E9FB6}.Debug|Any CPU.ActiveCfg = Debug|Any CPU
		{8FEC6D30-28DB-4D74-B911-398B1E2E9FB6}.Debug|Any CPU.Build.0 = Debug|Any CPU
		{8FEC6D30-28DB-4D74-B911-398B1E2E9FB6}.Release|Any CPU.ActiveCfg = Release|Any CPU
		{8FEC6D30-28DB-4D74-B911-398B1E2E9FB6}.Release|Any CPU.Build.0 = Release|Any CPU
		{A7BD89CB-6DF7-40FA-8834-FE0AEEEA2008}.Debug|Any CPU.ActiveCfg = Debug|Any CPU
		{A7BD89CB-6DF7-40FA-8834-FE0AEEEA2008}.Debug|Any CPU.Build.0 = Debug|Any CPU
		{A7BD89CB-6DF7-40FA-8834-FE0AEEEA2008}.Release|Any CPU.ActiveCfg = Release|Any CPU
		{A7BD89CB-6DF7-40FA-8834-FE0AEEEA2008}.Release|Any CPU.Build.0 = Release|Any CPU
		{F71E2C4E-5A2B-4185-9E04-D336AC5BA492}.Debug|Any CPU.ActiveCfg = Debug|Any CPU
		{F71E2C4E-5A2B-4185-9E04-D336AC5BA492}.Debug|Any CPU.Build.0 = Debug|Any CPU
		{F71E2C4E-5A2B-4185-9E04-D336AC5BA492}.Release|Any CPU.ActiveCfg = Release|Any CPU
		{F71E2C4E-5A2B-4185-9E04-D336AC5BA492}.Release|Any CPU.Build.0 = Release|Any CPU
		{0D4D4D62-5D14-4C19-9DFB-A7B522E03793}.Debug|Any CPU.ActiveCfg = Debug|Any CPU
		{0D4D4D62-5D14-4C19-9DFB-A7B522E03793}.Debug|Any CPU.Build.0 = Debug|Any CPU
		{0D4D4D62-5D14-4C19-9DFB-A7B522E03793}.Release|Any CPU.ActiveCfg = Release|Any CPU
		{0D4D4D62-5D14-4C19-9DFB-A7B522E03793}.Release|Any CPU.Build.0 = Release|Any CPU
		{B31DFB5D-93DC-4CF9-8158-D3887C5B3E60}.Debug|Any CPU.ActiveCfg = Debug|Any CPU
		{B31DFB5D-93DC-4CF9-8158-D3887C5B3E60}.Debug|Any CPU.Build.0 = Debug|Any CPU
		{B31DFB5D-93DC-4CF9-8158-D3887C5B3E60}.Release|Any CPU.ActiveCfg = Release|Any CPU
		{B31DFB5D-93DC-4CF9-8158-D3887C5B3E60}.Release|Any CPU.Build.0 = Release|Any CPU
		{5AD6FD29-65B8-41D8-9D1C-DDB4AB0DB03B}.Debug|Any CPU.ActiveCfg = Debug|Any CPU
		{5AD6FD29-65B8-41D8-9D1C-DDB4AB0DB03B}.Debug|Any CPU.Build.0 = Debug|Any CPU
		{5AD6FD29-65B8-41D8-9D1C-DDB4AB0DB03B}.Release|Any CPU.ActiveCfg = Release|Any CPU
		{5AD6FD29-65B8-41D8-9D1C-DDB4AB0DB03B}.Release|Any CPU.Build.0 = Release|Any CPU
		{32CE2B4F-1CFD-4F8E-A98A-AE071BA9C581}.Debug|Any CPU.ActiveCfg = Debug|Any CPU
		{32CE2B4F-1CFD-4F8E-A98A-AE071BA9C581}.Debug|Any CPU.Build.0 = Debug|Any CPU
		{32CE2B4F-1CFD-4F8E-A98A-AE071BA9C581}.Release|Any CPU.ActiveCfg = Release|Any CPU
		{32CE2B4F-1CFD-4F8E-A98A-AE071BA9C581}.Release|Any CPU.Build.0 = Release|Any CPU
		{2206CF09-396C-446D-A5A3-F6471DF7B0BB}.Debug|Any CPU.ActiveCfg = Debug|Any CPU
		{2206CF09-396C-446D-A5A3-F6471DF7B0BB}.Debug|Any CPU.Build.0 = Debug|Any CPU
		{2206CF09-396C-446D-A5A3-F6471DF7B0BB}.Release|Any CPU.ActiveCfg = Release|Any CPU
		{2206CF09-396C-446D-A5A3-F6471DF7B0BB}.Release|Any CPU.Build.0 = Release|Any CPU
		{E3A60894-3DA1-4EC4-AC15-6E01F30E092C}.Debug|Any CPU.ActiveCfg = Debug|Any CPU
		{E3A60894-3DA1-4EC4-AC15-6E01F30E092C}.Debug|Any CPU.Build.0 = Debug|Any CPU
		{E3A60894-3DA1-4EC4-AC15-6E01F30E092C}.Release|Any CPU.ActiveCfg = Release|Any CPU
		{E3A60894-3DA1-4EC4-AC15-6E01F30E092C}.Release|Any CPU.Build.0 = Release|Any CPU
		{23F284B6-B7A5-49E1-A352-B78DFF0187BA}.Debug|Any CPU.ActiveCfg = Debug|Any CPU
		{23F284B6-B7A5-49E1-A352-B78DFF0187BA}.Debug|Any CPU.Build.0 = Debug|Any CPU
		{23F284B6-B7A5-49E1-A352-B78DFF0187BA}.Release|Any CPU.ActiveCfg = Release|Any CPU
		{23F284B6-B7A5-49E1-A352-B78DFF0187BA}.Release|Any CPU.Build.0 = Release|Any CPU
		{3C001563-3CC7-4926-885E-3329C39E4319}.Debug|Any CPU.ActiveCfg = Debug|Any CPU
		{3C001563-3CC7-4926-885E-3329C39E4319}.Debug|Any CPU.Build.0 = Debug|Any CPU
		{3C001563-3CC7-4926-885E-3329C39E4319}.Release|Any CPU.ActiveCfg = Release|Any CPU
		{3C001563-3CC7-4926-885E-3329C39E4319}.Release|Any CPU.Build.0 = Release|Any CPU
		{B57CB513-3B5C-4445-BBC7-D338DDEE1B01}.Debug|Any CPU.ActiveCfg = Debug|Any CPU
		{B57CB513-3B5C-4445-BBC7-D338DDEE1B01}.Debug|Any CPU.Build.0 = Debug|Any CPU
		{B57CB513-3B5C-4445-BBC7-D338DDEE1B01}.Release|Any CPU.ActiveCfg = Release|Any CPU
		{B57CB513-3B5C-4445-BBC7-D338DDEE1B01}.Release|Any CPU.Build.0 = Release|Any CPU
		{04DA96F9-23AC-4DDA-A9D7-080A2BDD7DF2}.Debug|Any CPU.ActiveCfg = Debug|Any CPU
		{04DA96F9-23AC-4DDA-A9D7-080A2BDD7DF2}.Debug|Any CPU.Build.0 = Debug|Any CPU
		{04DA96F9-23AC-4DDA-A9D7-080A2BDD7DF2}.Release|Any CPU.ActiveCfg = Release|Any CPU
		{04DA96F9-23AC-4DDA-A9D7-080A2BDD7DF2}.Release|Any CPU.Build.0 = Release|Any CPU
		{82F2AB12-C313-4539-A05E-4F1004088922}.Debug|Any CPU.ActiveCfg = Debug|Any CPU
		{82F2AB12-C313-4539-A05E-4F1004088922}.Debug|Any CPU.Build.0 = Debug|Any CPU
		{82F2AB12-C313-4539-A05E-4F1004088922}.Release|Any CPU.ActiveCfg = Release|Any CPU
		{82F2AB12-C313-4539-A05E-4F1004088922}.Release|Any CPU.Build.0 = Release|Any CPU
		{9C65F0A1-C2BC-41CA-A750-CD2981E1CA19}.Debug|Any CPU.ActiveCfg = Debug|Any CPU
		{9C65F0A1-C2BC-41CA-A750-CD2981E1CA19}.Debug|Any CPU.Build.0 = Debug|Any CPU
		{9C65F0A1-C2BC-41CA-A750-CD2981E1CA19}.Release|Any CPU.ActiveCfg = Release|Any CPU
		{9C65F0A1-C2BC-41CA-A750-CD2981E1CA19}.Release|Any CPU.Build.0 = Release|Any CPU
		{7BE3905B-A30E-45E9-953D-A8E59A4416D8}.Debug|Any CPU.ActiveCfg = Debug|Any CPU
		{7BE3905B-A30E-45E9-953D-A8E59A4416D8}.Debug|Any CPU.Build.0 = Debug|Any CPU
		{7BE3905B-A30E-45E9-953D-A8E59A4416D8}.Release|Any CPU.ActiveCfg = Release|Any CPU
		{7BE3905B-A30E-45E9-953D-A8E59A4416D8}.Release|Any CPU.Build.0 = Release|Any CPU
		{4DD9E17D-5CA7-44F1-AE93-6E54CEDD599B}.Debug|Any CPU.ActiveCfg = Debug|Any CPU
		{4DD9E17D-5CA7-44F1-AE93-6E54CEDD599B}.Debug|Any CPU.Build.0 = Debug|Any CPU
		{4DD9E17D-5CA7-44F1-AE93-6E54CEDD599B}.Release|Any CPU.ActiveCfg = Release|Any CPU
		{4DD9E17D-5CA7-44F1-AE93-6E54CEDD599B}.Release|Any CPU.Build.0 = Release|Any CPU
		{5EADD507-A6B8-4539-BB9C-B87647078B16}.Debug|Any CPU.ActiveCfg = Debug|Any CPU
		{5EADD507-A6B8-4539-BB9C-B87647078B16}.Debug|Any CPU.Build.0 = Debug|Any CPU
		{5EADD507-A6B8-4539-BB9C-B87647078B16}.Release|Any CPU.ActiveCfg = Release|Any CPU
		{5EADD507-A6B8-4539-BB9C-B87647078B16}.Release|Any CPU.Build.0 = Release|Any CPU
		{BC8464DF-F20E-44A9-B35B-62C3A641F191}.Debug|Any CPU.ActiveCfg = Debug|Any CPU
		{BC8464DF-F20E-44A9-B35B-62C3A641F191}.Debug|Any CPU.Build.0 = Debug|Any CPU
		{BC8464DF-F20E-44A9-B35B-62C3A641F191}.Release|Any CPU.ActiveCfg = Release|Any CPU
		{BC8464DF-F20E-44A9-B35B-62C3A641F191}.Release|Any CPU.Build.0 = Release|Any CPU
		{361FB15E-F64F-474A-9217-DC5BCED1021C}.Debug|Any CPU.ActiveCfg = Debug|Any CPU
		{361FB15E-F64F-474A-9217-DC5BCED1021C}.Debug|Any CPU.Build.0 = Debug|Any CPU
		{361FB15E-F64F-474A-9217-DC5BCED1021C}.Release|Any CPU.ActiveCfg = Release|Any CPU
		{361FB15E-F64F-474A-9217-DC5BCED1021C}.Release|Any CPU.Build.0 = Release|Any CPU
		{3672EE0B-B73C-4B2D-8CEC-AE33E4A9F592}.Debug|Any CPU.ActiveCfg = Debug|Any CPU
		{3672EE0B-B73C-4B2D-8CEC-AE33E4A9F592}.Debug|Any CPU.Build.0 = Debug|Any CPU
		{3672EE0B-B73C-4B2D-8CEC-AE33E4A9F592}.Release|Any CPU.ActiveCfg = Release|Any CPU
		{3672EE0B-B73C-4B2D-8CEC-AE33E4A9F592}.Release|Any CPU.Build.0 = Release|Any CPU
		{59291728-50F2-43D5-BCC4-DB102E183393}.Debug|Any CPU.ActiveCfg = Debug|Any CPU
		{59291728-50F2-43D5-BCC4-DB102E183393}.Debug|Any CPU.Build.0 = Debug|Any CPU
		{59291728-50F2-43D5-BCC4-DB102E183393}.Release|Any CPU.ActiveCfg = Release|Any CPU
		{59291728-50F2-43D5-BCC4-DB102E183393}.Release|Any CPU.Build.0 = Release|Any CPU
		{AA59DC3D-D6EB-4B82-B26F-9B82BB1BC7A5}.Debug|Any CPU.ActiveCfg = Debug|Any CPU
		{AA59DC3D-D6EB-4B82-B26F-9B82BB1BC7A5}.Debug|Any CPU.Build.0 = Debug|Any CPU
		{AA59DC3D-D6EB-4B82-B26F-9B82BB1BC7A5}.Release|Any CPU.ActiveCfg = Release|Any CPU
		{AA59DC3D-D6EB-4B82-B26F-9B82BB1BC7A5}.Release|Any CPU.Build.0 = Release|Any CPU
		{9EE99FE6-240A-4911-9BE3-867F784A17B4}.Debug|Any CPU.ActiveCfg = Debug|Any CPU
		{9EE99FE6-240A-4911-9BE3-867F784A17B4}.Debug|Any CPU.Build.0 = Debug|Any CPU
		{9EE99FE6-240A-4911-9BE3-867F784A17B4}.Release|Any CPU.ActiveCfg = Release|Any CPU
		{9EE99FE6-240A-4911-9BE3-867F784A17B4}.Release|Any CPU.Build.0 = Release|Any CPU
		{77889378-BE89-4868-B9A9-B621BD69B046}.Debug|Any CPU.ActiveCfg = Debug|Any CPU
		{77889378-BE89-4868-B9A9-B621BD69B046}.Debug|Any CPU.Build.0 = Debug|Any CPU
		{77889378-BE89-4868-B9A9-B621BD69B046}.Release|Any CPU.ActiveCfg = Release|Any CPU
		{77889378-BE89-4868-B9A9-B621BD69B046}.Release|Any CPU.Build.0 = Release|Any CPU
		{09C50660-8A7C-444D-9AA4-C5A7686CA961}.Debug|Any CPU.ActiveCfg = Debug|Any CPU
		{09C50660-8A7C-444D-9AA4-C5A7686CA961}.Debug|Any CPU.Build.0 = Debug|Any CPU
		{09C50660-8A7C-444D-9AA4-C5A7686CA961}.Release|Any CPU.ActiveCfg = Release|Any CPU
		{09C50660-8A7C-444D-9AA4-C5A7686CA961}.Release|Any CPU.Build.0 = Release|Any CPU
		{7774B486-92E2-4B70-B67F-BD46E60B6603}.Debug|Any CPU.ActiveCfg = Debug|Any CPU
		{7774B486-92E2-4B70-B67F-BD46E60B6603}.Debug|Any CPU.Build.0 = Debug|Any CPU
		{7774B486-92E2-4B70-B67F-BD46E60B6603}.Release|Any CPU.ActiveCfg = Release|Any CPU
		{7774B486-92E2-4B70-B67F-BD46E60B6603}.Release|Any CPU.Build.0 = Release|Any CPU
		{B93E3AE6-4590-4690-8CB2-4AC7511BEE75}.Debug|Any CPU.ActiveCfg = Debug|Any CPU
		{B93E3AE6-4590-4690-8CB2-4AC7511BEE75}.Debug|Any CPU.Build.0 = Debug|Any CPU
		{B93E3AE6-4590-4690-8CB2-4AC7511BEE75}.Release|Any CPU.ActiveCfg = Release|Any CPU
		{B93E3AE6-4590-4690-8CB2-4AC7511BEE75}.Release|Any CPU.Build.0 = Release|Any CPU
		{00BF38C0-F3CC-4118-BBAF-62DF40F57A7F}.Debug|Any CPU.ActiveCfg = Debug|Any CPU
		{00BF38C0-F3CC-4118-BBAF-62DF40F57A7F}.Debug|Any CPU.Build.0 = Debug|Any CPU
		{00BF38C0-F3CC-4118-BBAF-62DF40F57A7F}.Release|Any CPU.ActiveCfg = Release|Any CPU
		{00BF38C0-F3CC-4118-BBAF-62DF40F57A7F}.Release|Any CPU.Build.0 = Release|Any CPU
		{85976659-37C4-439A-B1FA-0EA1D012C215}.Debug|Any CPU.ActiveCfg = Debug|Any CPU
		{85976659-37C4-439A-B1FA-0EA1D012C215}.Debug|Any CPU.Build.0 = Debug|Any CPU
		{85976659-37C4-439A-B1FA-0EA1D012C215}.Release|Any CPU.ActiveCfg = Release|Any CPU
		{85976659-37C4-439A-B1FA-0EA1D012C215}.Release|Any CPU.Build.0 = Release|Any CPU
		{2509A117-15F4-4728-B995-EA4DFEE8CBE8}.Debug|Any CPU.ActiveCfg = Debug|Any CPU
		{2509A117-15F4-4728-B995-EA4DFEE8CBE8}.Debug|Any CPU.Build.0 = Debug|Any CPU
		{2509A117-15F4-4728-B995-EA4DFEE8CBE8}.Release|Any CPU.ActiveCfg = Release|Any CPU
		{2509A117-15F4-4728-B995-EA4DFEE8CBE8}.Release|Any CPU.Build.0 = Release|Any CPU
		{52E6B2D8-E2D7-4C36-984E-08BF808F7207}.Debug|Any CPU.ActiveCfg = Debug|Any CPU
		{52E6B2D8-E2D7-4C36-984E-08BF808F7207}.Debug|Any CPU.Build.0 = Debug|Any CPU
		{52E6B2D8-E2D7-4C36-984E-08BF808F7207}.Release|Any CPU.ActiveCfg = Release|Any CPU
		{52E6B2D8-E2D7-4C36-984E-08BF808F7207}.Release|Any CPU.Build.0 = Release|Any CPU
		{BE75FD86-ED70-4B10-BAFB-C3528E75FB80}.Debug|Any CPU.ActiveCfg = Debug|Any CPU
		{BE75FD86-ED70-4B10-BAFB-C3528E75FB80}.Debug|Any CPU.Build.0 = Debug|Any CPU
		{BE75FD86-ED70-4B10-BAFB-C3528E75FB80}.Release|Any CPU.ActiveCfg = Release|Any CPU
		{BE75FD86-ED70-4B10-BAFB-C3528E75FB80}.Release|Any CPU.Build.0 = Release|Any CPU
		{6DCAF187-E5D1-4FC7-B1B8-6824844A65C0}.Debug|Any CPU.ActiveCfg = Debug|Any CPU
		{6DCAF187-E5D1-4FC7-B1B8-6824844A65C0}.Debug|Any CPU.Build.0 = Debug|Any CPU
		{6DCAF187-E5D1-4FC7-B1B8-6824844A65C0}.Release|Any CPU.ActiveCfg = Release|Any CPU
		{6DCAF187-E5D1-4FC7-B1B8-6824844A65C0}.Release|Any CPU.Build.0 = Release|Any CPU
		{00429F80-08B7-4DA6-BF3F-7F438AD84308}.Debug|Any CPU.ActiveCfg = Debug|Any CPU
		{00429F80-08B7-4DA6-BF3F-7F438AD84308}.Debug|Any CPU.Build.0 = Debug|Any CPU
		{00429F80-08B7-4DA6-BF3F-7F438AD84308}.Release|Any CPU.ActiveCfg = Release|Any CPU
		{00429F80-08B7-4DA6-BF3F-7F438AD84308}.Release|Any CPU.Build.0 = Release|Any CPU
		{FCF154F3-8DC7-40CD-B151-F6341A5375F0}.Debug|Any CPU.ActiveCfg = Debug|Any CPU
		{FCF154F3-8DC7-40CD-B151-F6341A5375F0}.Debug|Any CPU.Build.0 = Debug|Any CPU
		{FCF154F3-8DC7-40CD-B151-F6341A5375F0}.Release|Any CPU.ActiveCfg = Release|Any CPU
		{FCF154F3-8DC7-40CD-B151-F6341A5375F0}.Release|Any CPU.Build.0 = Release|Any CPU
		{42B32A46-10F4-4671-90F4-59F35E7CF481}.Debug|Any CPU.ActiveCfg = Debug|Any CPU
		{42B32A46-10F4-4671-90F4-59F35E7CF481}.Debug|Any CPU.Build.0 = Debug|Any CPU
		{42B32A46-10F4-4671-90F4-59F35E7CF481}.Release|Any CPU.ActiveCfg = Release|Any CPU
		{42B32A46-10F4-4671-90F4-59F35E7CF481}.Release|Any CPU.Build.0 = Release|Any CPU
		{5E2260E4-EB66-4418-B1DA-AD6AFC35E284}.Debug|Any CPU.ActiveCfg = Debug|Any CPU
		{5E2260E4-EB66-4418-B1DA-AD6AFC35E284}.Debug|Any CPU.Build.0 = Debug|Any CPU
		{5E2260E4-EB66-4418-B1DA-AD6AFC35E284}.Release|Any CPU.ActiveCfg = Release|Any CPU
		{5E2260E4-EB66-4418-B1DA-AD6AFC35E284}.Release|Any CPU.Build.0 = Release|Any CPU
		{9431D567-0E48-40D0-9568-0F6BC3D3BC16}.Debug|Any CPU.ActiveCfg = Debug|Any CPU
		{9431D567-0E48-40D0-9568-0F6BC3D3BC16}.Debug|Any CPU.Build.0 = Debug|Any CPU
		{9431D567-0E48-40D0-9568-0F6BC3D3BC16}.Release|Any CPU.ActiveCfg = Release|Any CPU
		{9431D567-0E48-40D0-9568-0F6BC3D3BC16}.Release|Any CPU.Build.0 = Release|Any CPU
		{3916C4CE-8F00-4C79-9D4C-745222BB9C73}.Debug|Any CPU.ActiveCfg = Debug|Any CPU
		{3916C4CE-8F00-4C79-9D4C-745222BB9C73}.Debug|Any CPU.Build.0 = Debug|Any CPU
		{3916C4CE-8F00-4C79-9D4C-745222BB9C73}.Release|Any CPU.ActiveCfg = Release|Any CPU
		{3916C4CE-8F00-4C79-9D4C-745222BB9C73}.Release|Any CPU.Build.0 = Release|Any CPU
		{A8C5A891-758A-4360-AF85-6403461DAF05}.Debug|Any CPU.ActiveCfg = Debug|Any CPU
		{A8C5A891-758A-4360-AF85-6403461DAF05}.Debug|Any CPU.Build.0 = Debug|Any CPU
		{A8C5A891-758A-4360-AF85-6403461DAF05}.Release|Any CPU.ActiveCfg = Release|Any CPU
		{A8C5A891-758A-4360-AF85-6403461DAF05}.Release|Any CPU.Build.0 = Release|Any CPU
		{97770789-D1BB-4F2B-ADEB-92317E3091A4}.Debug|Any CPU.ActiveCfg = Debug|Any CPU
		{97770789-D1BB-4F2B-ADEB-92317E3091A4}.Debug|Any CPU.Build.0 = Debug|Any CPU
		{97770789-D1BB-4F2B-ADEB-92317E3091A4}.Release|Any CPU.ActiveCfg = Release|Any CPU
		{97770789-D1BB-4F2B-ADEB-92317E3091A4}.Release|Any CPU.Build.0 = Release|Any CPU
		{D4D35593-872D-45D1-9DE8-12373872CB46}.Debug|Any CPU.ActiveCfg = Debug|Any CPU
		{D4D35593-872D-45D1-9DE8-12373872CB46}.Debug|Any CPU.Build.0 = Debug|Any CPU
		{D4D35593-872D-45D1-9DE8-12373872CB46}.Release|Any CPU.ActiveCfg = Release|Any CPU
		{D4D35593-872D-45D1-9DE8-12373872CB46}.Release|Any CPU.Build.0 = Release|Any CPU
		{000CC5DB-6ECC-47F0-8639-9C290053A549}.Debug|Any CPU.ActiveCfg = Debug|Any CPU
		{000CC5DB-6ECC-47F0-8639-9C290053A549}.Debug|Any CPU.Build.0 = Debug|Any CPU
		{000CC5DB-6ECC-47F0-8639-9C290053A549}.Release|Any CPU.ActiveCfg = Release|Any CPU
		{000CC5DB-6ECC-47F0-8639-9C290053A549}.Release|Any CPU.Build.0 = Release|Any CPU
		{27D244B0-BEF5-43EA-B428-919E8B8C850E}.Debug|Any CPU.ActiveCfg = Debug|Any CPU
		{27D244B0-BEF5-43EA-B428-919E8B8C850E}.Debug|Any CPU.Build.0 = Debug|Any CPU
		{27D244B0-BEF5-43EA-B428-919E8B8C850E}.Release|Any CPU.ActiveCfg = Release|Any CPU
		{27D244B0-BEF5-43EA-B428-919E8B8C850E}.Release|Any CPU.Build.0 = Release|Any CPU
		{15839A4C-F2FB-4289-8F2E-60A9491E671A}.Debug|Any CPU.ActiveCfg = Debug|Any CPU
		{15839A4C-F2FB-4289-8F2E-60A9491E671A}.Debug|Any CPU.Build.0 = Debug|Any CPU
		{15839A4C-F2FB-4289-8F2E-60A9491E671A}.Release|Any CPU.ActiveCfg = Release|Any CPU
		{15839A4C-F2FB-4289-8F2E-60A9491E671A}.Release|Any CPU.Build.0 = Release|Any CPU
		{7F520E18-998E-4DCC-AE37-B667F5571731}.Debug|Any CPU.ActiveCfg = Debug|Any CPU
		{7F520E18-998E-4DCC-AE37-B667F5571731}.Debug|Any CPU.Build.0 = Debug|Any CPU
		{7F520E18-998E-4DCC-AE37-B667F5571731}.Release|Any CPU.ActiveCfg = Release|Any CPU
		{7F520E18-998E-4DCC-AE37-B667F5571731}.Release|Any CPU.Build.0 = Release|Any CPU
		{F1321771-4DF5-4A06-9FE6-CE8EE1058A28}.Debug|Any CPU.ActiveCfg = Debug|Any CPU
		{F1321771-4DF5-4A06-9FE6-CE8EE1058A28}.Debug|Any CPU.Build.0 = Debug|Any CPU
		{F1321771-4DF5-4A06-9FE6-CE8EE1058A28}.Release|Any CPU.ActiveCfg = Release|Any CPU
		{F1321771-4DF5-4A06-9FE6-CE8EE1058A28}.Release|Any CPU.Build.0 = Release|Any CPU
		{01893597-DA41-4CA8-86F6-3C9638BD8C72}.Debug|Any CPU.ActiveCfg = Debug|Any CPU
		{01893597-DA41-4CA8-86F6-3C9638BD8C72}.Debug|Any CPU.Build.0 = Debug|Any CPU
		{01893597-DA41-4CA8-86F6-3C9638BD8C72}.Release|Any CPU.ActiveCfg = Release|Any CPU
		{01893597-DA41-4CA8-86F6-3C9638BD8C72}.Release|Any CPU.Build.0 = Release|Any CPU
		{667A91C5-96BE-4061-8C7A-20C396C200A6}.Debug|Any CPU.ActiveCfg = Debug|Any CPU
		{667A91C5-96BE-4061-8C7A-20C396C200A6}.Debug|Any CPU.Build.0 = Debug|Any CPU
		{667A91C5-96BE-4061-8C7A-20C396C200A6}.Release|Any CPU.ActiveCfg = Release|Any CPU
		{667A91C5-96BE-4061-8C7A-20C396C200A6}.Release|Any CPU.Build.0 = Release|Any CPU
		{F34E032D-267C-4490-8BB7-BB6D7128F71C}.Debug|Any CPU.ActiveCfg = Debug|Any CPU
		{F34E032D-267C-4490-8BB7-BB6D7128F71C}.Debug|Any CPU.Build.0 = Debug|Any CPU
		{F34E032D-267C-4490-8BB7-BB6D7128F71C}.Release|Any CPU.ActiveCfg = Release|Any CPU
		{F34E032D-267C-4490-8BB7-BB6D7128F71C}.Release|Any CPU.Build.0 = Release|Any CPU
		{0D5BCD6B-1871-493C-B2DA-060FE6F90B5A}.Debug|Any CPU.ActiveCfg = Debug|Any CPU
		{0D5BCD6B-1871-493C-B2DA-060FE6F90B5A}.Debug|Any CPU.Build.0 = Debug|Any CPU
		{0D5BCD6B-1871-493C-B2DA-060FE6F90B5A}.Release|Any CPU.ActiveCfg = Release|Any CPU
		{0D5BCD6B-1871-493C-B2DA-060FE6F90B5A}.Release|Any CPU.Build.0 = Release|Any CPU
		{FDF24AA9-62B4-4268-B721-4A5A2C9C408A}.Debug|Any CPU.ActiveCfg = Debug|Any CPU
		{FDF24AA9-62B4-4268-B721-4A5A2C9C408A}.Debug|Any CPU.Build.0 = Debug|Any CPU
		{FDF24AA9-62B4-4268-B721-4A5A2C9C408A}.Release|Any CPU.ActiveCfg = Release|Any CPU
		{FDF24AA9-62B4-4268-B721-4A5A2C9C408A}.Release|Any CPU.Build.0 = Release|Any CPU
		{518ADD58-3617-4D59-9BDE-1985BA457009}.Debug|Any CPU.ActiveCfg = Debug|Any CPU
		{518ADD58-3617-4D59-9BDE-1985BA457009}.Debug|Any CPU.Build.0 = Debug|Any CPU
		{518ADD58-3617-4D59-9BDE-1985BA457009}.Release|Any CPU.ActiveCfg = Release|Any CPU
		{518ADD58-3617-4D59-9BDE-1985BA457009}.Release|Any CPU.Build.0 = Release|Any CPU
		{1D4B4F1A-F256-4484-8D6A-485D3E95507B}.Debug|Any CPU.ActiveCfg = Debug|Any CPU
		{1D4B4F1A-F256-4484-8D6A-485D3E95507B}.Debug|Any CPU.Build.0 = Debug|Any CPU
		{1D4B4F1A-F256-4484-8D6A-485D3E95507B}.Release|Any CPU.ActiveCfg = Release|Any CPU
		{1D4B4F1A-F256-4484-8D6A-485D3E95507B}.Release|Any CPU.Build.0 = Release|Any CPU
		{8C49DB0C-1AE8-4E94-8675-5E6176842613}.Debug|Any CPU.ActiveCfg = Debug|Any CPU
		{8C49DB0C-1AE8-4E94-8675-5E6176842613}.Debug|Any CPU.Build.0 = Debug|Any CPU
		{8C49DB0C-1AE8-4E94-8675-5E6176842613}.Release|Any CPU.ActiveCfg = Release|Any CPU
		{8C49DB0C-1AE8-4E94-8675-5E6176842613}.Release|Any CPU.Build.0 = Release|Any CPU
		{E3F2F66C-E8ED-4168-9C0C-711435116F05}.Debug|Any CPU.ActiveCfg = Debug|Any CPU
		{E3F2F66C-E8ED-4168-9C0C-711435116F05}.Debug|Any CPU.Build.0 = Debug|Any CPU
		{E3F2F66C-E8ED-4168-9C0C-711435116F05}.Release|Any CPU.ActiveCfg = Release|Any CPU
		{E3F2F66C-E8ED-4168-9C0C-711435116F05}.Release|Any CPU.Build.0 = Release|Any CPU
		{DC912088-F54B-411A-A7A3-ECC6772CE3E4}.Debug|Any CPU.ActiveCfg = Debug|Any CPU
		{DC912088-F54B-411A-A7A3-ECC6772CE3E4}.Debug|Any CPU.Build.0 = Debug|Any CPU
		{DC912088-F54B-411A-A7A3-ECC6772CE3E4}.Release|Any CPU.ActiveCfg = Release|Any CPU
		{DC912088-F54B-411A-A7A3-ECC6772CE3E4}.Release|Any CPU.Build.0 = Release|Any CPU
		{8253FEB8-FA2B-4F2D-A86D-CA7177940FCF}.Debug|Any CPU.ActiveCfg = Debug|Any CPU
		{8253FEB8-FA2B-4F2D-A86D-CA7177940FCF}.Debug|Any CPU.Build.0 = Debug|Any CPU
		{8253FEB8-FA2B-4F2D-A86D-CA7177940FCF}.Release|Any CPU.ActiveCfg = Release|Any CPU
		{8253FEB8-FA2B-4F2D-A86D-CA7177940FCF}.Release|Any CPU.Build.0 = Release|Any CPU
		{A269CA64-0736-48C2-AE8C-63DF36D14D8A}.Debug|Any CPU.ActiveCfg = Debug|Any CPU
		{A269CA64-0736-48C2-AE8C-63DF36D14D8A}.Debug|Any CPU.Build.0 = Debug|Any CPU
		{A269CA64-0736-48C2-AE8C-63DF36D14D8A}.Release|Any CPU.ActiveCfg = Release|Any CPU
		{A269CA64-0736-48C2-AE8C-63DF36D14D8A}.Release|Any CPU.Build.0 = Release|Any CPU
		{1F3C219D-B9A5-4553-B302-3C8CBFF099D3}.Debug|Any CPU.ActiveCfg = Debug|Any CPU
		{1F3C219D-B9A5-4553-B302-3C8CBFF099D3}.Debug|Any CPU.Build.0 = Debug|Any CPU
		{1F3C219D-B9A5-4553-B302-3C8CBFF099D3}.Release|Any CPU.ActiveCfg = Release|Any CPU
		{1F3C219D-B9A5-4553-B302-3C8CBFF099D3}.Release|Any CPU.Build.0 = Release|Any CPU
		{28552736-1E1E-45F7-87D2-CD600F80B41E}.Debug|Any CPU.ActiveCfg = Debug|Any CPU
		{28552736-1E1E-45F7-87D2-CD600F80B41E}.Debug|Any CPU.Build.0 = Debug|Any CPU
		{28552736-1E1E-45F7-87D2-CD600F80B41E}.Release|Any CPU.ActiveCfg = Release|Any CPU
		{28552736-1E1E-45F7-87D2-CD600F80B41E}.Release|Any CPU.Build.0 = Release|Any CPU
		{5A5D87FB-8FE5-47D2-A220-8FECE8FC2380}.Debug|Any CPU.ActiveCfg = Debug|Any CPU
		{5A5D87FB-8FE5-47D2-A220-8FECE8FC2380}.Debug|Any CPU.Build.0 = Debug|Any CPU
		{5A5D87FB-8FE5-47D2-A220-8FECE8FC2380}.Release|Any CPU.ActiveCfg = Release|Any CPU
		{5A5D87FB-8FE5-47D2-A220-8FECE8FC2380}.Release|Any CPU.Build.0 = Release|Any CPU
		{3E2E1A17-CE56-4A71-B639-FDA3D8D2BCD8}.Debug|Any CPU.ActiveCfg = Debug|Any CPU
		{3E2E1A17-CE56-4A71-B639-FDA3D8D2BCD8}.Debug|Any CPU.Build.0 = Debug|Any CPU
		{3E2E1A17-CE56-4A71-B639-FDA3D8D2BCD8}.Release|Any CPU.ActiveCfg = Release|Any CPU
		{3E2E1A17-CE56-4A71-B639-FDA3D8D2BCD8}.Release|Any CPU.Build.0 = Release|Any CPU
		{5C8A44C2-FA7F-407C-BB4A-C91236D0862C}.Debug|Any CPU.ActiveCfg = Debug|Any CPU
		{5C8A44C2-FA7F-407C-BB4A-C91236D0862C}.Debug|Any CPU.Build.0 = Debug|Any CPU
		{5C8A44C2-FA7F-407C-BB4A-C91236D0862C}.Release|Any CPU.ActiveCfg = Release|Any CPU
		{5C8A44C2-FA7F-407C-BB4A-C91236D0862C}.Release|Any CPU.Build.0 = Release|Any CPU
		{A3DDFEE7-FFFA-4C5B-AD3B-8F07B13CCBFD}.Debug|Any CPU.ActiveCfg = Debug|Any CPU
		{A3DDFEE7-FFFA-4C5B-AD3B-8F07B13CCBFD}.Debug|Any CPU.Build.0 = Debug|Any CPU
		{A3DDFEE7-FFFA-4C5B-AD3B-8F07B13CCBFD}.Release|Any CPU.ActiveCfg = Release|Any CPU
		{A3DDFEE7-FFFA-4C5B-AD3B-8F07B13CCBFD}.Release|Any CPU.Build.0 = Release|Any CPU
		{4455EFDA-5955-4CAE-9DF7-B25BDCC06867}.Debug|Any CPU.ActiveCfg = Debug|Any CPU
		{4455EFDA-5955-4CAE-9DF7-B25BDCC06867}.Debug|Any CPU.Build.0 = Debug|Any CPU
		{4455EFDA-5955-4CAE-9DF7-B25BDCC06867}.Release|Any CPU.ActiveCfg = Release|Any CPU
		{4455EFDA-5955-4CAE-9DF7-B25BDCC06867}.Release|Any CPU.Build.0 = Release|Any CPU
		{84CFB905-F992-4B1A-BC5D-6E30DB5556B7}.Debug|Any CPU.ActiveCfg = Debug|Any CPU
		{84CFB905-F992-4B1A-BC5D-6E30DB5556B7}.Debug|Any CPU.Build.0 = Debug|Any CPU
		{84CFB905-F992-4B1A-BC5D-6E30DB5556B7}.Release|Any CPU.ActiveCfg = Release|Any CPU
		{84CFB905-F992-4B1A-BC5D-6E30DB5556B7}.Release|Any CPU.Build.0 = Release|Any CPU
		{B6390A7D-B95F-4634-893A-968E4A856CDC}.Debug|Any CPU.ActiveCfg = Debug|Any CPU
		{B6390A7D-B95F-4634-893A-968E4A856CDC}.Debug|Any CPU.Build.0 = Debug|Any CPU
		{B6390A7D-B95F-4634-893A-968E4A856CDC}.Release|Any CPU.ActiveCfg = Release|Any CPU
		{B6390A7D-B95F-4634-893A-968E4A856CDC}.Release|Any CPU.Build.0 = Release|Any CPU
		{E1DB778B-E315-4D24-BBB6-CD46B9D9AFBD}.Debug|Any CPU.ActiveCfg = Debug|Any CPU
		{E1DB778B-E315-4D24-BBB6-CD46B9D9AFBD}.Debug|Any CPU.Build.0 = Debug|Any CPU
		{E1DB778B-E315-4D24-BBB6-CD46B9D9AFBD}.Release|Any CPU.ActiveCfg = Release|Any CPU
		{E1DB778B-E315-4D24-BBB6-CD46B9D9AFBD}.Release|Any CPU.Build.0 = Release|Any CPU
	EndGlobalSection
	GlobalSection(SolutionProperties) = preSolution
		HideSolutionNode = FALSE
	EndGlobalSection
	GlobalSection(ExtensibilityGlobals) = postSolution
		SolutionGuid = {24C0C66C-0D4F-4A3B-A923-1829EBEA7943}
	EndGlobalSection
EndGlobal
