
Microsoft Visual Studio Solution File, Format Version 12.00
# Visual Studio 15
VisualStudioVersion = 15.0.28010.2046
MinimumVisualStudioVersion = 10.0.40219.1
Project("{FAE04EC0-301F-11D3-BF4B-00C04F79EFBC}") = "HelloWrld", "HelloWrld\HelloWrld.csproj", "{3F846C3A-F779-4698-BE8C-361E24DBCB17}"
EndProject
Project("{FAE04EC0-301F-11D3-BF4B-00C04F79EFBC}") = "ConsoleApp1", "ConsoleApp1\ConsoleApp1.csproj", "{E342001D-F74E-474B-8E4F-775F672E947D}"
EndProject
Project("{FAE04EC0-301F-11D3-BF4B-00C04F79EFBC}") = "ConsoleApp2", "ConsoleApp2\ConsoleApp2.csproj", "{3341551C-24CE-4DEC-A9ED-2ED8A1E61E15}"
EndProject
Project("{FAE04EC0-301F-11D3-BF4B-00C04F79EFBC}") = "ConsoleApp3", "ConsoleApp3\ConsoleApp3.csproj", "{062939A1-7D13-4A33-B772-2856D5928B92}"
EndProject
Project("{FAE04EC0-301F-11D3-BF4B-00C04F79EFBC}") = "ConsoleApp4", "ConsoleApp4\ConsoleApp4.csproj", "{255844DC-07FA-4EDF-8620-2EA785D4441E}"
EndProject
Project("{FAE04EC0-301F-11D3-BF4B-00C04F79EFBC}") = "ConsoleApp5", "ConsoleApp5\ConsoleApp5.csproj", "{1D0E027D-5546-4F5D-921E-8FE28FB2BD91}"
EndProject
Project("{FAE04EC0-301F-11D3-BF4B-00C04F79EFBC}") = "ConsoleApp6", "ConsoleApp6\ConsoleApp6.csproj", "{3955F27A-7448-447E-856E-37A6FA700307}"
EndProject
Project("{FAE04EC0-301F-11D3-BF4B-00C04F79EFBC}") = "ConsoleApp7", "ConsoleApp7\ConsoleApp7.csproj", "{7BAC46B9-9487-468E-84EC-6FE7F71C6C43}"
EndProject
Project("{FAE04EC0-301F-11D3-BF4B-00C04F79EFBC}") = "ConsoleApp8", "ConsoleApp8\ConsoleApp8.csproj", "{C68863DD-B454-4FE2-9EBA-A2253BC0020A}"
EndProject
Project("{FAE04EC0-301F-11D3-BF4B-00C04F79EFBC}") = "ConsoleApp9", "ConsoleApp9\ConsoleApp9.csproj", "{FEFF9999-5F4C-4316-96A2-6D026BD46CA5}"
EndProject
Project("{FAE04EC0-301F-11D3-BF4B-00C04F79EFBC}") = "ConsoleApp10", "ConsoleApp10\ConsoleApp10.csproj", "{0487B4BD-2392-4FAA-9566-DAD0675752C1}"
EndProject
Project("{FAE04EC0-301F-11D3-BF4B-00C04F79EFBC}") = "ConsoleApp11", "ConsoleApp11\ConsoleApp11.csproj", "{78FD704C-C1B4-4C9D-B5A1-B3A48B6EE24E}"
EndProject
Project("{FAE04EC0-301F-11D3-BF4B-00C04F79EFBC}") = "ConsoleApp12", "ConsoleApp12\ConsoleApp12.csproj", "{4A2A24F0-31F3-49B8-B2EF-F8D007418184}"
EndProject
Project("{FAE04EC0-301F-11D3-BF4B-00C04F79EFBC}") = "ex1", "ex1\ex1.csproj", "{02125ECC-A0B8-477C-AAD1-0E7BC0B5845A}"
EndProject
Project("{FAE04EC0-301F-11D3-BF4B-00C04F79EFBC}") = "ex2", "ex2\ex2.csproj", "{5D1A8222-B518-400E-9F77-DCD7BB8D1607}"
EndProject
Project("{FAE04EC0-301F-11D3-BF4B-00C04F79EFBC}") = "ConsoleApp13", "ConsoleApp13\ConsoleApp13.csproj", "{CF17CDCB-F69C-4280-B7A7-45ECB14BB6D7}"
EndProject
Project("{FAE04EC0-301F-11D3-BF4B-00C04F79EFBC}") = "ConsoleApp14", "ConsoleApp14\ConsoleApp14.csproj", "{F3A56C49-D74A-4223-A7A8-E5FE7227C00C}"
EndProject
Project("{FAE04EC0-301F-11D3-BF4B-00C04F79EFBC}") = "ConsoleApp15", "ConsoleApp15\ConsoleApp15.csproj", "{5BEED151-436F-464B-9C7E-5976ADAF6A08}"
EndProject
Project("{FAE04EC0-301F-11D3-BF4B-00C04F79EFBC}") = "ConsoleApp16", "ConsoleApp16\ConsoleApp16.csproj", "{B1C2102D-DD16-4F19-B251-7E9A089E4C21}"
EndProject
Project("{FAE04EC0-301F-11D3-BF4B-00C04F79EFBC}") = "ConsoleApp17", "ConsoleApp17\ConsoleApp17.csproj", "{A06A9AD5-BB51-4C89-A5F3-DE12945292DC}"
EndProject
Project("{FAE04EC0-301F-11D3-BF4B-00C04F79EFBC}") = "ConsoleApp18", "ConsoleApp18\ConsoleApp18.csproj", "{6771A447-189B-4E0F-93DA-1AE3A8815323}"
EndProject
Project("{FAE04EC0-301F-11D3-BF4B-00C04F79EFBC}") = "ConsoleApp19", "ConsoleApp19\ConsoleApp19.csproj", "{C43AD9D1-1BE3-4764-AD50-E06F841A34EF}"
EndProject
Project("{FAE04EC0-301F-11D3-BF4B-00C04F79EFBC}") = "ConsoleApp20", "ConsoleApp20\ConsoleApp20.csproj", "{E76F3115-C650-4697-98EB-C06CEA7C2CB4}"
EndProject
Project("{FAE04EC0-301F-11D3-BF4B-00C04F79EFBC}") = "ConsoleApp21", "ConsoleApp21\ConsoleApp21.csproj", "{70BFDF25-3FCA-4192-AE0C-7F3B7E6C4092}"
EndProject
Project("{FAE04EC0-301F-11D3-BF4B-00C04F79EFBC}") = "ConsoleApp22", "ConsoleApp22\ConsoleApp22.csproj", "{CED87E93-8CA4-4825-8374-C0BE89DF327B}"
EndProject
Project("{FAE04EC0-301F-11D3-BF4B-00C04F79EFBC}") = "ConsoleApp23", "ConsoleApp23\ConsoleApp23.csproj", "{52450A2A-E4DC-4461-8460-F5CF17642582}"
EndProject
Project("{FAE04EC0-301F-11D3-BF4B-00C04F79EFBC}") = "ConsoleApp24", "ConsoleApp24\ConsoleApp24.csproj", "{6D9B80DB-A236-4593-B862-39BCCED446B3}"
EndProject
Project("{FAE04EC0-301F-11D3-BF4B-00C04F79EFBC}") = "ConsoleApp25", "ConsoleApp25\ConsoleApp25.csproj", "{E3A99391-36FC-4D1F-8D42-E7BA0EB587DC}"
EndProject
Project("{FAE04EC0-301F-11D3-BF4B-00C04F79EFBC}") = "ConsoleApp26", "ConsoleApp26\ConsoleApp26.csproj", "{CA0EE610-3584-4E55-8EAF-2C6B915A3716}"
EndProject
Project("{FAE04EC0-301F-11D3-BF4B-00C04F79EFBC}") = "ConsoleApp27", "ConsoleApp27\ConsoleApp27.csproj", "{15D8679E-FC61-4C32-BF53-04F42EAB29D8}"
EndProject
Project("{FAE04EC0-301F-11D3-BF4B-00C04F79EFBC}") = "ConsoleApp28", "ConsoleApp28\ConsoleApp28.csproj", "{3D0E2743-0CDB-4DD5-AC64-8049949AFCAE}"
EndProject
Project("{FAE04EC0-301F-11D3-BF4B-00C04F79EFBC}") = "ConsoleApp29", "ConsoleApp29\ConsoleApp29.csproj", "{DA34A072-CD72-4F53-9BD2-79575974C8B2}"
EndProject
Project("{FAE04EC0-301F-11D3-BF4B-00C04F79EFBC}") = "ConsoleApp30", "ConsoleApp30\ConsoleApp30.csproj", "{D211E4F8-FC0E-41E4-8FED-00CD55C4262D}"
EndProject
Project("{FAE04EC0-301F-11D3-BF4B-00C04F79EFBC}") = "ConsoleApp31", "ConsoleApp31\ConsoleApp31.csproj", "{64789695-F0B0-4BE4-90B1-ECACE653D047}"
EndProject
Project("{FAE04EC0-301F-11D3-BF4B-00C04F79EFBC}") = "ConsoleApp32", "ConsoleApp32\ConsoleApp32.csproj", "{2E917612-1B84-46EA-8380-74CD48FA8861}"
EndProject
Project("{FAE04EC0-301F-11D3-BF4B-00C04F79EFBC}") = "ConsoleApp33", "ConsoleApp33\ConsoleApp33.csproj", "{EDC75128-E24C-4A0C-BD0B-BE518C52FF26}"
EndProject
Project("{FAE04EC0-301F-11D3-BF4B-00C04F79EFBC}") = "ConsoleApp34", "ConsoleApp34\ConsoleApp34.csproj", "{2A4BF2F8-13FC-4097-BC0C-8E1E07BCBC4A}"
EndProject
Project("{FAE04EC0-301F-11D3-BF4B-00C04F79EFBC}") = "ConsoleApp35", "ConsoleApp35\ConsoleApp35.csproj", "{A3D35601-299B-44F7-8114-449059D27EDE}"
EndProject
Project("{FAE04EC0-301F-11D3-BF4B-00C04F79EFBC}") = "ConsoleApp36", "ConsoleApp36\ConsoleApp36.csproj", "{98B158DA-CE3D-4040-B639-E9C404E23E0E}"
EndProject
Project("{FAE04EC0-301F-11D3-BF4B-00C04F79EFBC}") = "ConsoleApp37", "ConsoleApp37\ConsoleApp37.csproj", "{319C1554-1926-4443-802D-CF0B997F71B9}"
EndProject
Project("{FAE04EC0-301F-11D3-BF4B-00C04F79EFBC}") = "ConsoleApp38", "ConsoleApp38\ConsoleApp38.csproj", "{FED285A5-2F4F-4008-A1D9-AE2601D05D66}"
EndProject
Project("{FAE04EC0-301F-11D3-BF4B-00C04F79EFBC}") = "ConsoleApp39", "ConsoleApp39\ConsoleApp39.csproj", "{FF90A876-9A65-4E71-A1EF-2616BB537A26}"
EndProject
Project("{FAE04EC0-301F-11D3-BF4B-00C04F79EFBC}") = "ConsoleApp40", "ConsoleApp40\ConsoleApp40.csproj", "{89FDEADF-4766-4295-AF2E-C26713C67F83}"
EndProject
Project("{FAE04EC0-301F-11D3-BF4B-00C04F79EFBC}") = "ConsoleApp41", "ConsoleApp41\ConsoleApp41.csproj", "{E9EF5346-57AA-41DB-9882-7557B376D2E3}"
EndProject
Project("{FAE04EC0-301F-11D3-BF4B-00C04F79EFBC}") = "ConsoleApp42", "ConsoleApp42\ConsoleApp42.csproj", "{B0EFC21A-3123-4716-A86D-6B124CF5C1A6}"
EndProject
Project("{FAE04EC0-301F-11D3-BF4B-00C04F79EFBC}") = "ConsoleApp43", "ConsoleApp43\ConsoleApp43.csproj", "{E1649BA4-EB9B-4411-9050-C7C1E159E625}"
EndProject
Project("{FAE04EC0-301F-11D3-BF4B-00C04F79EFBC}") = "AttributeTest", "AttributeTest\AttributeTest.csproj", "{0375E6CB-9785-4F4F-9D9D-49E9641645DC}"
EndProject
Project("{FAE04EC0-301F-11D3-BF4B-00C04F79EFBC}") = "ConsoleApp44", "ConsoleApp44\ConsoleApp44.csproj", "{AB1EE151-50D3-489A-AB19-619D56892728}"
EndProject
Project("{FAE04EC0-301F-11D3-BF4B-00C04F79EFBC}") = "ConsoleApp45", "ConsoleApp45\ConsoleApp45.csproj", "{8FEC6D30-28DB-4D74-B911-398B1E2E9FB6}"
EndProject
Project("{FAE04EC0-301F-11D3-BF4B-00C04F79EFBC}") = "ConsoleApp46", "ConsoleApp46\ConsoleApp46.csproj", "{A7BD89CB-6DF7-40FA-8834-FE0AEEEA2008}"
EndProject
Project("{FAE04EC0-301F-11D3-BF4B-00C04F79EFBC}") = "ConsoleApp47", "ConsoleApp47\ConsoleApp47.csproj", "{F71E2C4E-5A2B-4185-9E04-D336AC5BA492}"
EndProject
Project("{FAE04EC0-301F-11D3-BF4B-00C04F79EFBC}") = "ConsoleApp48", "ConsoleApp48\ConsoleApp48.csproj", "{0D4D4D62-5D14-4C19-9DFB-A7B522E03793}"
EndProject
Project("{FAE04EC0-301F-11D3-BF4B-00C04F79EFBC}") = "ConsoleApp49", "ConsoleApp49\ConsoleApp49.csproj", "{B31DFB5D-93DC-4CF9-8158-D3887C5B3E60}"
EndProject
Project("{FAE04EC0-301F-11D3-BF4B-00C04F79EFBC}") = "ConsoleApp50", "ConsoleApp50\ConsoleApp50.csproj", "{5AD6FD29-65B8-41D8-9D1C-DDB4AB0DB03B}"
EndProject
Project("{FAE04EC0-301F-11D3-BF4B-00C04F79EFBC}") = "ConsoleApp51", "ConsoleApp51\ConsoleApp51.csproj", "{32CE2B4F-1CFD-4F8E-A98A-AE071BA9C581}"
EndProject
Project("{FAE04EC0-301F-11D3-BF4B-00C04F79EFBC}") = "ConsoleApp52", "ConsoleApp52\ConsoleApp52.csproj", "{2206CF09-396C-446D-A5A3-F6471DF7B0BB}"
EndProject
Project("{FAE04EC0-301F-11D3-BF4B-00C04F79EFBC}") = "ConsoleApp53", "ConsoleApp53\ConsoleApp53.csproj", "{E3A60894-3DA1-4EC4-AC15-6E01F30E092C}"
EndProject
Project("{FAE04EC0-301F-11D3-BF4B-00C04F79EFBC}") = "EventTest", "EventTest\EventTest.csproj", "{23F284B6-B7A5-49E1-A352-B78DFF0187BA}"
EndProject
Project("{FAE04EC0-301F-11D3-BF4B-00C04F79EFBC}") = "ConsoleApp54", "ConsoleApp54\ConsoleApp54.csproj", "{3C001563-3CC7-4926-885E-3329C39E4319}"
EndProject
Project("{FAE04EC0-301F-11D3-BF4B-00C04F79EFBC}") = "ConsoleApp55", "ConsoleApp55\ConsoleApp55.csproj", "{B57CB513-3B5C-4445-BBC7-D338DDEE1B01}"
EndProject
Project("{FAE04EC0-301F-11D3-BF4B-00C04F79EFBC}") = "ConsoleApp56", "ConsoleApp56\ConsoleApp56.csproj", "{04DA96F9-23AC-4DDA-A9D7-080A2BDD7DF2}"
EndProject
Project("{FAE04EC0-301F-11D3-BF4B-00C04F79EFBC}") = "ConsoleApp57", "ConsoleApp57\ConsoleApp57.csproj", "{82F2AB12-C313-4539-A05E-4F1004088922}"
EndProject
Project("{FAE04EC0-301F-11D3-BF4B-00C04F79EFBC}") = "ConsoleApp58", "ConsoleApp58\ConsoleApp58.csproj", "{9C65F0A1-C2BC-41CA-A750-CD2981E1CA19}"
EndProject
Project("{FAE04EC0-301F-11D3-BF4B-00C04F79EFBC}") = "ConsoleApp59", "ConsoleApp59\ConsoleApp59.csproj", "{7BE3905B-A30E-45E9-953D-A8E59A4416D8}"
EndProject
Project("{FAE04EC0-301F-11D3-BF4B-00C04F79EFBC}") = "ConsoleApp60", "ConsoleApp60\ConsoleApp60.csproj", "{4DD9E17D-5CA7-44F1-AE93-6E54CEDD599B}"
EndProject
Global
	GlobalSection(SolutionConfigurationPlatforms) = preSolution
		Debug|Any CPU = Debug|Any CPU
		Release|Any CPU = Release|Any CPU
	EndGlobalSection
	GlobalSection(ProjectConfigurationPlatforms) = postSolution
		{3F846C3A-F779-4698-BE8C-361E24DBCB17}.Debug|Any CPU.ActiveCfg = Debug|Any CPU
		{3F846C3A-F779-4698-BE8C-361E24DBCB17}.Debug|Any CPU.Build.0 = Debug|Any CPU
		{3F846C3A-F779-4698-BE8C-361E24DBCB17}.Release|Any CPU.ActiveCfg = Release|Any CPU
		{3F846C3A-F779-4698-BE8C-361E24DBCB17}.Release|Any CPU.Build.0 = Release|Any CPU
		{E342001D-F74E-474B-8E4F-775F672E947D}.Debug|Any CPU.ActiveCfg = Debug|Any CPU
		{E342001D-F74E-474B-8E4F-775F672E947D}.Debug|Any CPU.Build.0 = Debug|Any CPU
		{E342001D-F74E-474B-8E4F-775F672E947D}.Release|Any CPU.ActiveCfg = Release|Any CPU
		{E342001D-F74E-474B-8E4F-775F672E947D}.Release|Any CPU.Build.0 = Release|Any CPU
		{3341551C-24CE-4DEC-A9ED-2ED8A1E61E15}.Debug|Any CPU.ActiveCfg = Debug|Any CPU
		{3341551C-24CE-4DEC-A9ED-2ED8A1E61E15}.Debug|Any CPU.Build.0 = Debug|Any CPU
		{3341551C-24CE-4DEC-A9ED-2ED8A1E61E15}.Release|Any CPU.ActiveCfg = Release|Any CPU
		{3341551C-24CE-4DEC-A9ED-2ED8A1E61E15}.Release|Any CPU.Build.0 = Release|Any CPU
		{062939A1-7D13-4A33-B772-2856D5928B92}.Debug|Any CPU.ActiveCfg = Debug|Any CPU
		{062939A1-7D13-4A33-B772-2856D5928B92}.Debug|Any CPU.Build.0 = Debug|Any CPU
		{062939A1-7D13-4A33-B772-2856D5928B92}.Release|Any CPU.ActiveCfg = Release|Any CPU
		{062939A1-7D13-4A33-B772-2856D5928B92}.Release|Any CPU.Build.0 = Release|Any CPU
		{255844DC-07FA-4EDF-8620-2EA785D4441E}.Debug|Any CPU.ActiveCfg = Debug|Any CPU
		{255844DC-07FA-4EDF-8620-2EA785D4441E}.Debug|Any CPU.Build.0 = Debug|Any CPU
		{255844DC-07FA-4EDF-8620-2EA785D4441E}.Release|Any CPU.ActiveCfg = Release|Any CPU
		{255844DC-07FA-4EDF-8620-2EA785D4441E}.Release|Any CPU.Build.0 = Release|Any CPU
		{1D0E027D-5546-4F5D-921E-8FE28FB2BD91}.Debug|Any CPU.ActiveCfg = Debug|Any CPU
		{1D0E027D-5546-4F5D-921E-8FE28FB2BD91}.Debug|Any CPU.Build.0 = Debug|Any CPU
		{1D0E027D-5546-4F5D-921E-8FE28FB2BD91}.Release|Any CPU.ActiveCfg = Release|Any CPU
		{1D0E027D-5546-4F5D-921E-8FE28FB2BD91}.Release|Any CPU.Build.0 = Release|Any CPU
		{3955F27A-7448-447E-856E-37A6FA700307}.Debug|Any CPU.ActiveCfg = Debug|Any CPU
		{3955F27A-7448-447E-856E-37A6FA700307}.Debug|Any CPU.Build.0 = Debug|Any CPU
		{3955F27A-7448-447E-856E-37A6FA700307}.Release|Any CPU.ActiveCfg = Release|Any CPU
		{3955F27A-7448-447E-856E-37A6FA700307}.Release|Any CPU.Build.0 = Release|Any CPU
		{7BAC46B9-9487-468E-84EC-6FE7F71C6C43}.Debug|Any CPU.ActiveCfg = Debug|Any CPU
		{7BAC46B9-9487-468E-84EC-6FE7F71C6C43}.Debug|Any CPU.Build.0 = Debug|Any CPU
		{7BAC46B9-9487-468E-84EC-6FE7F71C6C43}.Release|Any CPU.ActiveCfg = Release|Any CPU
		{7BAC46B9-9487-468E-84EC-6FE7F71C6C43}.Release|Any CPU.Build.0 = Release|Any CPU
		{C68863DD-B454-4FE2-9EBA-A2253BC0020A}.Debug|Any CPU.ActiveCfg = Debug|Any CPU
		{C68863DD-B454-4FE2-9EBA-A2253BC0020A}.Debug|Any CPU.Build.0 = Debug|Any CPU
		{C68863DD-B454-4FE2-9EBA-A2253BC0020A}.Release|Any CPU.ActiveCfg = Release|Any CPU
		{C68863DD-B454-4FE2-9EBA-A2253BC0020A}.Release|Any CPU.Build.0 = Release|Any CPU
		{FEFF9999-5F4C-4316-96A2-6D026BD46CA5}.Debug|Any CPU.ActiveCfg = Debug|Any CPU
		{FEFF9999-5F4C-4316-96A2-6D026BD46CA5}.Debug|Any CPU.Build.0 = Debug|Any CPU
		{FEFF9999-5F4C-4316-96A2-6D026BD46CA5}.Release|Any CPU.ActiveCfg = Release|Any CPU
		{FEFF9999-5F4C-4316-96A2-6D026BD46CA5}.Release|Any CPU.Build.0 = Release|Any CPU
		{0487B4BD-2392-4FAA-9566-DAD0675752C1}.Debug|Any CPU.ActiveCfg = Debug|Any CPU
		{0487B4BD-2392-4FAA-9566-DAD0675752C1}.Debug|Any CPU.Build.0 = Debug|Any CPU
		{0487B4BD-2392-4FAA-9566-DAD0675752C1}.Release|Any CPU.ActiveCfg = Release|Any CPU
		{0487B4BD-2392-4FAA-9566-DAD0675752C1}.Release|Any CPU.Build.0 = Release|Any CPU
		{78FD704C-C1B4-4C9D-B5A1-B3A48B6EE24E}.Debug|Any CPU.ActiveCfg = Debug|Any CPU
		{78FD704C-C1B4-4C9D-B5A1-B3A48B6EE24E}.Debug|Any CPU.Build.0 = Debug|Any CPU
		{78FD704C-C1B4-4C9D-B5A1-B3A48B6EE24E}.Release|Any CPU.ActiveCfg = Release|Any CPU
		{78FD704C-C1B4-4C9D-B5A1-B3A48B6EE24E}.Release|Any CPU.Build.0 = Release|Any CPU
		{4A2A24F0-31F3-49B8-B2EF-F8D007418184}.Debug|Any CPU.ActiveCfg = Debug|Any CPU
		{4A2A24F0-31F3-49B8-B2EF-F8D007418184}.Debug|Any CPU.Build.0 = Debug|Any CPU
		{4A2A24F0-31F3-49B8-B2EF-F8D007418184}.Release|Any CPU.ActiveCfg = Release|Any CPU
		{4A2A24F0-31F3-49B8-B2EF-F8D007418184}.Release|Any CPU.Build.0 = Release|Any CPU
		{02125ECC-A0B8-477C-AAD1-0E7BC0B5845A}.Debug|Any CPU.ActiveCfg = Debug|Any CPU
		{02125ECC-A0B8-477C-AAD1-0E7BC0B5845A}.Debug|Any CPU.Build.0 = Debug|Any CPU
		{02125ECC-A0B8-477C-AAD1-0E7BC0B5845A}.Release|Any CPU.ActiveCfg = Release|Any CPU
		{02125ECC-A0B8-477C-AAD1-0E7BC0B5845A}.Release|Any CPU.Build.0 = Release|Any CPU
		{5D1A8222-B518-400E-9F77-DCD7BB8D1607}.Debug|Any CPU.ActiveCfg = Debug|Any CPU
		{5D1A8222-B518-400E-9F77-DCD7BB8D1607}.Debug|Any CPU.Build.0 = Debug|Any CPU
		{5D1A8222-B518-400E-9F77-DCD7BB8D1607}.Release|Any CPU.ActiveCfg = Release|Any CPU
		{5D1A8222-B518-400E-9F77-DCD7BB8D1607}.Release|Any CPU.Build.0 = Release|Any CPU
		{CF17CDCB-F69C-4280-B7A7-45ECB14BB6D7}.Debug|Any CPU.ActiveCfg = Debug|Any CPU
		{CF17CDCB-F69C-4280-B7A7-45ECB14BB6D7}.Debug|Any CPU.Build.0 = Debug|Any CPU
		{CF17CDCB-F69C-4280-B7A7-45ECB14BB6D7}.Release|Any CPU.ActiveCfg = Release|Any CPU
		{CF17CDCB-F69C-4280-B7A7-45ECB14BB6D7}.Release|Any CPU.Build.0 = Release|Any CPU
		{F3A56C49-D74A-4223-A7A8-E5FE7227C00C}.Debug|Any CPU.ActiveCfg = Debug|Any CPU
		{F3A56C49-D74A-4223-A7A8-E5FE7227C00C}.Debug|Any CPU.Build.0 = Debug|Any CPU
		{F3A56C49-D74A-4223-A7A8-E5FE7227C00C}.Release|Any CPU.ActiveCfg = Release|Any CPU
		{F3A56C49-D74A-4223-A7A8-E5FE7227C00C}.Release|Any CPU.Build.0 = Release|Any CPU
		{5BEED151-436F-464B-9C7E-5976ADAF6A08}.Debug|Any CPU.ActiveCfg = Debug|Any CPU
		{5BEED151-436F-464B-9C7E-5976ADAF6A08}.Debug|Any CPU.Build.0 = Debug|Any CPU
		{5BEED151-436F-464B-9C7E-5976ADAF6A08}.Release|Any CPU.ActiveCfg = Release|Any CPU
		{5BEED151-436F-464B-9C7E-5976ADAF6A08}.Release|Any CPU.Build.0 = Release|Any CPU
		{B1C2102D-DD16-4F19-B251-7E9A089E4C21}.Debug|Any CPU.ActiveCfg = Debug|Any CPU
		{B1C2102D-DD16-4F19-B251-7E9A089E4C21}.Debug|Any CPU.Build.0 = Debug|Any CPU
		{B1C2102D-DD16-4F19-B251-7E9A089E4C21}.Release|Any CPU.ActiveCfg = Release|Any CPU
		{B1C2102D-DD16-4F19-B251-7E9A089E4C21}.Release|Any CPU.Build.0 = Release|Any CPU
		{A06A9AD5-BB51-4C89-A5F3-DE12945292DC}.Debug|Any CPU.ActiveCfg = Debug|Any CPU
		{A06A9AD5-BB51-4C89-A5F3-DE12945292DC}.Debug|Any CPU.Build.0 = Debug|Any CPU
		{A06A9AD5-BB51-4C89-A5F3-DE12945292DC}.Release|Any CPU.ActiveCfg = Release|Any CPU
		{A06A9AD5-BB51-4C89-A5F3-DE12945292DC}.Release|Any CPU.Build.0 = Release|Any CPU
		{6771A447-189B-4E0F-93DA-1AE3A8815323}.Debug|Any CPU.ActiveCfg = Debug|Any CPU
		{6771A447-189B-4E0F-93DA-1AE3A8815323}.Debug|Any CPU.Build.0 = Debug|Any CPU
		{6771A447-189B-4E0F-93DA-1AE3A8815323}.Release|Any CPU.ActiveCfg = Release|Any CPU
		{6771A447-189B-4E0F-93DA-1AE3A8815323}.Release|Any CPU.Build.0 = Release|Any CPU
		{C43AD9D1-1BE3-4764-AD50-E06F841A34EF}.Debug|Any CPU.ActiveCfg = Debug|Any CPU
		{C43AD9D1-1BE3-4764-AD50-E06F841A34EF}.Debug|Any CPU.Build.0 = Debug|Any CPU
		{C43AD9D1-1BE3-4764-AD50-E06F841A34EF}.Release|Any CPU.ActiveCfg = Release|Any CPU
		{C43AD9D1-1BE3-4764-AD50-E06F841A34EF}.Release|Any CPU.Build.0 = Release|Any CPU
		{E76F3115-C650-4697-98EB-C06CEA7C2CB4}.Debug|Any CPU.ActiveCfg = Debug|Any CPU
		{E76F3115-C650-4697-98EB-C06CEA7C2CB4}.Debug|Any CPU.Build.0 = Debug|Any CPU
		{E76F3115-C650-4697-98EB-C06CEA7C2CB4}.Release|Any CPU.ActiveCfg = Release|Any CPU
		{E76F3115-C650-4697-98EB-C06CEA7C2CB4}.Release|Any CPU.Build.0 = Release|Any CPU
		{70BFDF25-3FCA-4192-AE0C-7F3B7E6C4092}.Debug|Any CPU.ActiveCfg = Debug|Any CPU
		{70BFDF25-3FCA-4192-AE0C-7F3B7E6C4092}.Debug|Any CPU.Build.0 = Debug|Any CPU
		{70BFDF25-3FCA-4192-AE0C-7F3B7E6C4092}.Release|Any CPU.ActiveCfg = Release|Any CPU
		{70BFDF25-3FCA-4192-AE0C-7F3B7E6C4092}.Release|Any CPU.Build.0 = Release|Any CPU
		{CED87E93-8CA4-4825-8374-C0BE89DF327B}.Debug|Any CPU.ActiveCfg = Debug|Any CPU
		{CED87E93-8CA4-4825-8374-C0BE89DF327B}.Debug|Any CPU.Build.0 = Debug|Any CPU
		{CED87E93-8CA4-4825-8374-C0BE89DF327B}.Release|Any CPU.ActiveCfg = Release|Any CPU
		{CED87E93-8CA4-4825-8374-C0BE89DF327B}.Release|Any CPU.Build.0 = Release|Any CPU
		{52450A2A-E4DC-4461-8460-F5CF17642582}.Debug|Any CPU.ActiveCfg = Debug|Any CPU
		{52450A2A-E4DC-4461-8460-F5CF17642582}.Debug|Any CPU.Build.0 = Debug|Any CPU
		{52450A2A-E4DC-4461-8460-F5CF17642582}.Release|Any CPU.ActiveCfg = Release|Any CPU
		{52450A2A-E4DC-4461-8460-F5CF17642582}.Release|Any CPU.Build.0 = Release|Any CPU
		{6D9B80DB-A236-4593-B862-39BCCED446B3}.Debug|Any CPU.ActiveCfg = Debug|Any CPU
		{6D9B80DB-A236-4593-B862-39BCCED446B3}.Debug|Any CPU.Build.0 = Debug|Any CPU
		{6D9B80DB-A236-4593-B862-39BCCED446B3}.Release|Any CPU.ActiveCfg = Release|Any CPU
		{6D9B80DB-A236-4593-B862-39BCCED446B3}.Release|Any CPU.Build.0 = Release|Any CPU
		{E3A99391-36FC-4D1F-8D42-E7BA0EB587DC}.Debug|Any CPU.ActiveCfg = Debug|Any CPU
		{E3A99391-36FC-4D1F-8D42-E7BA0EB587DC}.Debug|Any CPU.Build.0 = Debug|Any CPU
		{E3A99391-36FC-4D1F-8D42-E7BA0EB587DC}.Release|Any CPU.ActiveCfg = Release|Any CPU
		{E3A99391-36FC-4D1F-8D42-E7BA0EB587DC}.Release|Any CPU.Build.0 = Release|Any CPU
		{CA0EE610-3584-4E55-8EAF-2C6B915A3716}.Debug|Any CPU.ActiveCfg = Debug|Any CPU
		{CA0EE610-3584-4E55-8EAF-2C6B915A3716}.Debug|Any CPU.Build.0 = Debug|Any CPU
		{CA0EE610-3584-4E55-8EAF-2C6B915A3716}.Release|Any CPU.ActiveCfg = Release|Any CPU
		{CA0EE610-3584-4E55-8EAF-2C6B915A3716}.Release|Any CPU.Build.0 = Release|Any CPU
		{15D8679E-FC61-4C32-BF53-04F42EAB29D8}.Debug|Any CPU.ActiveCfg = Debug|Any CPU
		{15D8679E-FC61-4C32-BF53-04F42EAB29D8}.Debug|Any CPU.Build.0 = Debug|Any CPU
		{15D8679E-FC61-4C32-BF53-04F42EAB29D8}.Release|Any CPU.ActiveCfg = Release|Any CPU
		{15D8679E-FC61-4C32-BF53-04F42EAB29D8}.Release|Any CPU.Build.0 = Release|Any CPU
		{3D0E2743-0CDB-4DD5-AC64-8049949AFCAE}.Debug|Any CPU.ActiveCfg = Debug|Any CPU
		{3D0E2743-0CDB-4DD5-AC64-8049949AFCAE}.Debug|Any CPU.Build.0 = Debug|Any CPU
		{3D0E2743-0CDB-4DD5-AC64-8049949AFCAE}.Release|Any CPU.ActiveCfg = Release|Any CPU
		{3D0E2743-0CDB-4DD5-AC64-8049949AFCAE}.Release|Any CPU.Build.0 = Release|Any CPU
		{DA34A072-CD72-4F53-9BD2-79575974C8B2}.Debug|Any CPU.ActiveCfg = Debug|Any CPU
		{DA34A072-CD72-4F53-9BD2-79575974C8B2}.Debug|Any CPU.Build.0 = Debug|Any CPU
		{DA34A072-CD72-4F53-9BD2-79575974C8B2}.Release|Any CPU.ActiveCfg = Release|Any CPU
		{DA34A072-CD72-4F53-9BD2-79575974C8B2}.Release|Any CPU.Build.0 = Release|Any CPU
		{D211E4F8-FC0E-41E4-8FED-00CD55C4262D}.Debug|Any CPU.ActiveCfg = Debug|Any CPU
		{D211E4F8-FC0E-41E4-8FED-00CD55C4262D}.Debug|Any CPU.Build.0 = Debug|Any CPU
		{D211E4F8-FC0E-41E4-8FED-00CD55C4262D}.Release|Any CPU.ActiveCfg = Release|Any CPU
		{D211E4F8-FC0E-41E4-8FED-00CD55C4262D}.Release|Any CPU.Build.0 = Release|Any CPU
		{64789695-F0B0-4BE4-90B1-ECACE653D047}.Debug|Any CPU.ActiveCfg = Debug|Any CPU
		{64789695-F0B0-4BE4-90B1-ECACE653D047}.Debug|Any CPU.Build.0 = Debug|Any CPU
		{64789695-F0B0-4BE4-90B1-ECACE653D047}.Release|Any CPU.ActiveCfg = Release|Any CPU
		{64789695-F0B0-4BE4-90B1-ECACE653D047}.Release|Any CPU.Build.0 = Release|Any CPU
		{2E917612-1B84-46EA-8380-74CD48FA8861}.Debug|Any CPU.ActiveCfg = Debug|Any CPU
		{2E917612-1B84-46EA-8380-74CD48FA8861}.Debug|Any CPU.Build.0 = Debug|Any CPU
		{2E917612-1B84-46EA-8380-74CD48FA8861}.Release|Any CPU.ActiveCfg = Release|Any CPU
		{2E917612-1B84-46EA-8380-74CD48FA8861}.Release|Any CPU.Build.0 = Release|Any CPU
		{EDC75128-E24C-4A0C-BD0B-BE518C52FF26}.Debug|Any CPU.ActiveCfg = Debug|Any CPU
		{EDC75128-E24C-4A0C-BD0B-BE518C52FF26}.Debug|Any CPU.Build.0 = Debug|Any CPU
		{EDC75128-E24C-4A0C-BD0B-BE518C52FF26}.Release|Any CPU.ActiveCfg = Release|Any CPU
		{EDC75128-E24C-4A0C-BD0B-BE518C52FF26}.Release|Any CPU.Build.0 = Release|Any CPU
		{2A4BF2F8-13FC-4097-BC0C-8E1E07BCBC4A}.Debug|Any CPU.ActiveCfg = Debug|Any CPU
		{2A4BF2F8-13FC-4097-BC0C-8E1E07BCBC4A}.Debug|Any CPU.Build.0 = Debug|Any CPU
		{2A4BF2F8-13FC-4097-BC0C-8E1E07BCBC4A}.Release|Any CPU.ActiveCfg = Release|Any CPU
		{2A4BF2F8-13FC-4097-BC0C-8E1E07BCBC4A}.Release|Any CPU.Build.0 = Release|Any CPU
		{A3D35601-299B-44F7-8114-449059D27EDE}.Debug|Any CPU.ActiveCfg = Debug|Any CPU
		{A3D35601-299B-44F7-8114-449059D27EDE}.Debug|Any CPU.Build.0 = Debug|Any CPU
		{A3D35601-299B-44F7-8114-449059D27EDE}.Release|Any CPU.ActiveCfg = Release|Any CPU
		{A3D35601-299B-44F7-8114-449059D27EDE}.Release|Any CPU.Build.0 = Release|Any CPU
		{98B158DA-CE3D-4040-B639-E9C404E23E0E}.Debug|Any CPU.ActiveCfg = Debug|Any CPU
		{98B158DA-CE3D-4040-B639-E9C404E23E0E}.Debug|Any CPU.Build.0 = Debug|Any CPU
		{98B158DA-CE3D-4040-B639-E9C404E23E0E}.Release|Any CPU.ActiveCfg = Release|Any CPU
		{98B158DA-CE3D-4040-B639-E9C404E23E0E}.Release|Any CPU.Build.0 = Release|Any CPU
		{319C1554-1926-4443-802D-CF0B997F71B9}.Debug|Any CPU.ActiveCfg = Debug|Any CPU
		{319C1554-1926-4443-802D-CF0B997F71B9}.Debug|Any CPU.Build.0 = Debug|Any CPU
		{319C1554-1926-4443-802D-CF0B997F71B9}.Release|Any CPU.ActiveCfg = Release|Any CPU
		{319C1554-1926-4443-802D-CF0B997F71B9}.Release|Any CPU.Build.0 = Release|Any CPU
		{FED285A5-2F4F-4008-A1D9-AE2601D05D66}.Debug|Any CPU.ActiveCfg = Debug|Any CPU
		{FED285A5-2F4F-4008-A1D9-AE2601D05D66}.Debug|Any CPU.Build.0 = Debug|Any CPU
		{FED285A5-2F4F-4008-A1D9-AE2601D05D66}.Release|Any CPU.ActiveCfg = Release|Any CPU
		{FED285A5-2F4F-4008-A1D9-AE2601D05D66}.Release|Any CPU.Build.0 = Release|Any CPU
		{FF90A876-9A65-4E71-A1EF-2616BB537A26}.Debug|Any CPU.ActiveCfg = Debug|Any CPU
		{FF90A876-9A65-4E71-A1EF-2616BB537A26}.Debug|Any CPU.Build.0 = Debug|Any CPU
		{FF90A876-9A65-4E71-A1EF-2616BB537A26}.Release|Any CPU.ActiveCfg = Release|Any CPU
		{FF90A876-9A65-4E71-A1EF-2616BB537A26}.Release|Any CPU.Build.0 = Release|Any CPU
		{89FDEADF-4766-4295-AF2E-C26713C67F83}.Debug|Any CPU.ActiveCfg = Debug|Any CPU
		{89FDEADF-4766-4295-AF2E-C26713C67F83}.Debug|Any CPU.Build.0 = Debug|Any CPU
		{89FDEADF-4766-4295-AF2E-C26713C67F83}.Release|Any CPU.ActiveCfg = Release|Any CPU
		{89FDEADF-4766-4295-AF2E-C26713C67F83}.Release|Any CPU.Build.0 = Release|Any CPU
		{E9EF5346-57AA-41DB-9882-7557B376D2E3}.Debug|Any CPU.ActiveCfg = Debug|Any CPU
		{E9EF5346-57AA-41DB-9882-7557B376D2E3}.Debug|Any CPU.Build.0 = Debug|Any CPU
		{E9EF5346-57AA-41DB-9882-7557B376D2E3}.Release|Any CPU.ActiveCfg = Release|Any CPU
		{E9EF5346-57AA-41DB-9882-7557B376D2E3}.Release|Any CPU.Build.0 = Release|Any CPU
		{B0EFC21A-3123-4716-A86D-6B124CF5C1A6}.Debug|Any CPU.ActiveCfg = Debug|Any CPU
		{B0EFC21A-3123-4716-A86D-6B124CF5C1A6}.Debug|Any CPU.Build.0 = Debug|Any CPU
		{B0EFC21A-3123-4716-A86D-6B124CF5C1A6}.Release|Any CPU.ActiveCfg = Release|Any CPU
		{B0EFC21A-3123-4716-A86D-6B124CF5C1A6}.Release|Any CPU.Build.0 = Release|Any CPU
		{E1649BA4-EB9B-4411-9050-C7C1E159E625}.Debug|Any CPU.ActiveCfg = Debug|Any CPU
		{E1649BA4-EB9B-4411-9050-C7C1E159E625}.Debug|Any CPU.Build.0 = Debug|Any CPU
		{E1649BA4-EB9B-4411-9050-C7C1E159E625}.Release|Any CPU.ActiveCfg = Release|Any CPU
		{E1649BA4-EB9B-4411-9050-C7C1E159E625}.Release|Any CPU.Build.0 = Release|Any CPU
		{0375E6CB-9785-4F4F-9D9D-49E9641645DC}.Debug|Any CPU.ActiveCfg = Debug|Any CPU
		{0375E6CB-9785-4F4F-9D9D-49E9641645DC}.Debug|Any CPU.Build.0 = Debug|Any CPU
		{0375E6CB-9785-4F4F-9D9D-49E9641645DC}.Release|Any CPU.ActiveCfg = Release|Any CPU
		{0375E6CB-9785-4F4F-9D9D-49E9641645DC}.Release|Any CPU.Build.0 = Release|Any CPU
		{AB1EE151-50D3-489A-AB19-619D56892728}.Debug|Any CPU.ActiveCfg = Debug|Any CPU
		{AB1EE151-50D3-489A-AB19-619D56892728}.Debug|Any CPU.Build.0 = Debug|Any CPU
		{AB1EE151-50D3-489A-AB19-619D56892728}.Release|Any CPU.ActiveCfg = Release|Any CPU
		{AB1EE151-50D3-489A-AB19-619D56892728}.Release|Any CPU.Build.0 = Release|Any CPU
		{8FEC6D30-28DB-4D74-B911-398B1E2E9FB6}.Debug|Any CPU.ActiveCfg = Debug|Any CPU
		{8FEC6D30-28DB-4D74-B911-398B1E2E9FB6}.Debug|Any CPU.Build.0 = Debug|Any CPU
		{8FEC6D30-28DB-4D74-B911-398B1E2E9FB6}.Release|Any CPU.ActiveCfg = Release|Any CPU
		{8FEC6D30-28DB-4D74-B911-398B1E2E9FB6}.Release|Any CPU.Build.0 = Release|Any CPU
		{A7BD89CB-6DF7-40FA-8834-FE0AEEEA2008}.Debug|Any CPU.ActiveCfg = Debug|Any CPU
		{A7BD89CB-6DF7-40FA-8834-FE0AEEEA2008}.Debug|Any CPU.Build.0 = Debug|Any CPU
		{A7BD89CB-6DF7-40FA-8834-FE0AEEEA2008}.Release|Any CPU.ActiveCfg = Release|Any CPU
		{A7BD89CB-6DF7-40FA-8834-FE0AEEEA2008}.Release|Any CPU.Build.0 = Release|Any CPU
		{F71E2C4E-5A2B-4185-9E04-D336AC5BA492}.Debug|Any CPU.ActiveCfg = Debug|Any CPU
		{F71E2C4E-5A2B-4185-9E04-D336AC5BA492}.Debug|Any CPU.Build.0 = Debug|Any CPU
		{F71E2C4E-5A2B-4185-9E04-D336AC5BA492}.Release|Any CPU.ActiveCfg = Release|Any CPU
		{F71E2C4E-5A2B-4185-9E04-D336AC5BA492}.Release|Any CPU.Build.0 = Release|Any CPU
		{0D4D4D62-5D14-4C19-9DFB-A7B522E03793}.Debug|Any CPU.ActiveCfg = Debug|Any CPU
		{0D4D4D62-5D14-4C19-9DFB-A7B522E03793}.Debug|Any CPU.Build.0 = Debug|Any CPU
		{0D4D4D62-5D14-4C19-9DFB-A7B522E03793}.Release|Any CPU.ActiveCfg = Release|Any CPU
		{0D4D4D62-5D14-4C19-9DFB-A7B522E03793}.Release|Any CPU.Build.0 = Release|Any CPU
		{B31DFB5D-93DC-4CF9-8158-D3887C5B3E60}.Debug|Any CPU.ActiveCfg = Debug|Any CPU
		{B31DFB5D-93DC-4CF9-8158-D3887C5B3E60}.Debug|Any CPU.Build.0 = Debug|Any CPU
		{B31DFB5D-93DC-4CF9-8158-D3887C5B3E60}.Release|Any CPU.ActiveCfg = Release|Any CPU
		{B31DFB5D-93DC-4CF9-8158-D3887C5B3E60}.Release|Any CPU.Build.0 = Release|Any CPU
		{5AD6FD29-65B8-41D8-9D1C-DDB4AB0DB03B}.Debug|Any CPU.ActiveCfg = Debug|Any CPU
		{5AD6FD29-65B8-41D8-9D1C-DDB4AB0DB03B}.Debug|Any CPU.Build.0 = Debug|Any CPU
		{5AD6FD29-65B8-41D8-9D1C-DDB4AB0DB03B}.Release|Any CPU.ActiveCfg = Release|Any CPU
		{5AD6FD29-65B8-41D8-9D1C-DDB4AB0DB03B}.Release|Any CPU.Build.0 = Release|Any CPU
		{32CE2B4F-1CFD-4F8E-A98A-AE071BA9C581}.Debug|Any CPU.ActiveCfg = Debug|Any CPU
		{32CE2B4F-1CFD-4F8E-A98A-AE071BA9C581}.Debug|Any CPU.Build.0 = Debug|Any CPU
		{32CE2B4F-1CFD-4F8E-A98A-AE071BA9C581}.Release|Any CPU.ActiveCfg = Release|Any CPU
		{32CE2B4F-1CFD-4F8E-A98A-AE071BA9C581}.Release|Any CPU.Build.0 = Release|Any CPU
		{2206CF09-396C-446D-A5A3-F6471DF7B0BB}.Debug|Any CPU.ActiveCfg = Debug|Any CPU
		{2206CF09-396C-446D-A5A3-F6471DF7B0BB}.Debug|Any CPU.Build.0 = Debug|Any CPU
		{2206CF09-396C-446D-A5A3-F6471DF7B0BB}.Release|Any CPU.ActiveCfg = Release|Any CPU
		{2206CF09-396C-446D-A5A3-F6471DF7B0BB}.Release|Any CPU.Build.0 = Release|Any CPU
		{E3A60894-3DA1-4EC4-AC15-6E01F30E092C}.Debug|Any CPU.ActiveCfg = Debug|Any CPU
		{E3A60894-3DA1-4EC4-AC15-6E01F30E092C}.Debug|Any CPU.Build.0 = Debug|Any CPU
		{E3A60894-3DA1-4EC4-AC15-6E01F30E092C}.Release|Any CPU.ActiveCfg = Release|Any CPU
		{E3A60894-3DA1-4EC4-AC15-6E01F30E092C}.Release|Any CPU.Build.0 = Release|Any CPU
		{23F284B6-B7A5-49E1-A352-B78DFF0187BA}.Debug|Any CPU.ActiveCfg = Debug|Any CPU
		{23F284B6-B7A5-49E1-A352-B78DFF0187BA}.Debug|Any CPU.Build.0 = Debug|Any CPU
		{23F284B6-B7A5-49E1-A352-B78DFF0187BA}.Release|Any CPU.ActiveCfg = Release|Any CPU
		{23F284B6-B7A5-49E1-A352-B78DFF0187BA}.Release|Any CPU.Build.0 = Release|Any CPU
		{3C001563-3CC7-4926-885E-3329C39E4319}.Debug|Any CPU.ActiveCfg = Debug|Any CPU
		{3C001563-3CC7-4926-885E-3329C39E4319}.Debug|Any CPU.Build.0 = Debug|Any CPU
		{3C001563-3CC7-4926-885E-3329C39E4319}.Release|Any CPU.ActiveCfg = Release|Any CPU
		{3C001563-3CC7-4926-885E-3329C39E4319}.Release|Any CPU.Build.0 = Release|Any CPU
		{B57CB513-3B5C-4445-BBC7-D338DDEE1B01}.Debug|Any CPU.ActiveCfg = Debug|Any CPU
		{B57CB513-3B5C-4445-BBC7-D338DDEE1B01}.Debug|Any CPU.Build.0 = Debug|Any CPU
		{B57CB513-3B5C-4445-BBC7-D338DDEE1B01}.Release|Any CPU.ActiveCfg = Release|Any CPU
		{B57CB513-3B5C-4445-BBC7-D338DDEE1B01}.Release|Any CPU.Build.0 = Release|Any CPU
		{04DA96F9-23AC-4DDA-A9D7-080A2BDD7DF2}.Debug|Any CPU.ActiveCfg = Debug|Any CPU
		{04DA96F9-23AC-4DDA-A9D7-080A2BDD7DF2}.Debug|Any CPU.Build.0 = Debug|Any CPU
		{04DA96F9-23AC-4DDA-A9D7-080A2BDD7DF2}.Release|Any CPU.ActiveCfg = Release|Any CPU
		{04DA96F9-23AC-4DDA-A9D7-080A2BDD7DF2}.Release|Any CPU.Build.0 = Release|Any CPU
		{82F2AB12-C313-4539-A05E-4F1004088922}.Debug|Any CPU.ActiveCfg = Debug|Any CPU
		{82F2AB12-C313-4539-A05E-4F1004088922}.Debug|Any CPU.Build.0 = Debug|Any CPU
		{82F2AB12-C313-4539-A05E-4F1004088922}.Release|Any CPU.ActiveCfg = Release|Any CPU
		{82F2AB12-C313-4539-A05E-4F1004088922}.Release|Any CPU.Build.0 = Release|Any CPU
		{9C65F0A1-C2BC-41CA-A750-CD2981E1CA19}.Debug|Any CPU.ActiveCfg = Debug|Any CPU
		{9C65F0A1-C2BC-41CA-A750-CD2981E1CA19}.Debug|Any CPU.Build.0 = Debug|Any CPU
		{9C65F0A1-C2BC-41CA-A750-CD2981E1CA19}.Release|Any CPU.ActiveCfg = Release|Any CPU
		{9C65F0A1-C2BC-41CA-A750-CD2981E1CA19}.Release|Any CPU.Build.0 = Release|Any CPU
		{7BE3905B-A30E-45E9-953D-A8E59A4416D8}.Debug|Any CPU.ActiveCfg = Debug|Any CPU
		{7BE3905B-A30E-45E9-953D-A8E59A4416D8}.Debug|Any CPU.Build.0 = Debug|Any CPU
		{7BE3905B-A30E-45E9-953D-A8E59A4416D8}.Release|Any CPU.ActiveCfg = Release|Any CPU
		{7BE3905B-A30E-45E9-953D-A8E59A4416D8}.Release|Any CPU.Build.0 = Release|Any CPU
		{4DD9E17D-5CA7-44F1-AE93-6E54CEDD599B}.Debug|Any CPU.ActiveCfg = Debug|Any CPU
		{4DD9E17D-5CA7-44F1-AE93-6E54CEDD599B}.Debug|Any CPU.Build.0 = Debug|Any CPU
		{4DD9E17D-5CA7-44F1-AE93-6E54CEDD599B}.Release|Any CPU.ActiveCfg = Release|Any CPU
		{4DD9E17D-5CA7-44F1-AE93-6E54CEDD599B}.Release|Any CPU.Build.0 = Release|Any CPU
	EndGlobalSection
	GlobalSection(SolutionProperties) = preSolution
		HideSolutionNode = FALSE
	EndGlobalSection
	GlobalSection(ExtensibilityGlobals) = postSolution
		SolutionGuid = {24C0C66C-0D4F-4A3B-A923-1829EBEA7943}
	EndGlobalSection
EndGlobal
