
Microsoft Visual Studio Solution File, Format Version 12.00
# Visual Studio 15
VisualStudioVersion = 15.0.28010.2046
MinimumVisualStudioVersion = 10.0.40219.1
Project("{FAE04EC0-301F-11D3-BF4B-00C04F79EFBC}") = "WindowsFormsApp1", "WindowsFormsApp1\WindowsFormsApp1.csproj", "{5D943AA3-E5F9-48C7-A000-CD2EA53881C7}"
EndProject
Project("{FAE04EC0-301F-11D3-BF4B-00C04F79EFBC}") = "ChatServer", "ChatServer\ChatServer.csproj", "{052459CC-9842-480D-8993-8113A1B86786}"
EndProject
Project("{FAE04EC0-301F-11D3-BF4B-00C04F79EFBC}") = "ChatClient", "ChatClient\ChatClient.csproj", "{AB903303-4370-4223-9858-8D1BC7AD4880}"
EndProject
Global
	GlobalSection(SolutionConfigurationPlatforms) = preSolution
		Debug|Any CPU = Debug|Any CPU
		Release|Any CPU = Release|Any CPU
	EndGlobalSection
	GlobalSection(ProjectConfigurationPlatforms) = postSolution
		{5D943AA3-E5F9-48C7-A000-CD2EA53881C7}.Debug|Any CPU.ActiveCfg = Debug|Any CPU
		{5D943AA3-E5F9-48C7-A000-CD2EA53881C7}.Debug|Any CPU.Build.0 = Debug|Any CPU
		{5D943AA3-E5F9-48C7-A000-CD2EA53881C7}.Release|Any CPU.ActiveCfg = Release|Any CPU
		{5D943AA3-E5F9-48C7-A000-CD2EA53881C7}.Release|Any CPU.Build.0 = Release|Any CPU
		{052459CC-9842-480D-8993-8113A1B86786}.Debug|Any CPU.ActiveCfg = Debug|Any CPU
		{052459CC-9842-480D-8993-8113A1B86786}.Debug|Any CPU.Build.0 = Debug|Any CPU
		{052459CC-9842-480D-8993-8113A1B86786}.Release|Any CPU.ActiveCfg = Release|Any CPU
		{052459CC-9842-480D-8993-8113A1B86786}.Release|Any CPU.Build.0 = Release|Any CPU
		{AB903303-4370-4223-9858-8D1BC7AD4880}.Debug|Any CPU.ActiveCfg = Debug|Any CPU
		{AB903303-4370-4223-9858-8D1BC7AD4880}.Debug|Any CPU.Build.0 = Debug|Any CPU
		{AB903303-4370-4223-9858-8D1BC7AD4880}.Release|Any CPU.ActiveCfg = Release|Any CPU
		{AB903303-4370-4223-9858-8D1BC7AD4880}.Release|Any CPU.Build.0 = Release|Any CPU
	EndGlobalSection
	GlobalSection(SolutionProperties) = preSolution
		HideSolutionNode = FALSE
	EndGlobalSection
	GlobalSection(ExtensibilityGlobals) = postSolution
		SolutionGuid = {7676D20F-27D7-4156-A84D-25340A3F5DA2}
	EndGlobalSection
EndGlobal
